// !$*UTF8*$!
{
	archiveVersion = 1;
	classes = {
	};
	objectVersion = 42;
	objects = {

/* Begin PBXFileReference section */
		DA7F16DC0E01144D00F34E9B /* DESCRIPTION */ = {isa = PBXFileReference; fileEncoding = 4; lastKnownFileType = text; path = DESCRIPTION; sourceTree = SOURCE_ROOT; };
		DA7F16E00E01144D00F34E9B /* get.column.Rd */ = {isa = PBXFileReference; fileEncoding = 4; lastKnownFileType = text; name = get.column.Rd; path = man/get.column.Rd; sourceTree = SOURCE_ROOT; };
		DA7F16E10E01144D00F34E9B /* set.semicont.Rd */ = {isa = PBXFileReference; fileEncoding = 4; lastKnownFileType = text; name = set.semicont.Rd; path = man/set.semicont.Rd; sourceTree = SOURCE_ROOT; };
		DA7F16E20E01144D00F34E9B /* set.type.Rd */ = {isa = PBXFileReference; fileEncoding = 4; lastKnownFileType = text; name = set.type.Rd; path = man/set.type.Rd; sourceTree = SOURCE_ROOT; };
		DA7F16E30E01144D00F34E9B /* get.primal.solution.Rd */ = {isa = PBXFileReference; fileEncoding = 4; lastKnownFileType = text; name = get.primal.solution.Rd; path = man/get.primal.solution.Rd; sourceTree = SOURCE_ROOT; };
		DA7F16E40E01144D00F34E9B /* print.lpExtPtr.Rd */ = {isa = PBXFileReference; fileEncoding = 4; lastKnownFileType = text; name = print.lpExtPtr.Rd; path = man/print.lpExtPtr.Rd; sourceTree = SOURCE_ROOT; };
		DA7F16E50E01144D00F34E9B /* set.constr.value.Rd */ = {isa = PBXFileReference; fileEncoding = 4; lastKnownFileType = text; name = set.constr.value.Rd; path = man/set.constr.value.Rd; sourceTree = SOURCE_ROOT; };
		DA7F16E60E01144D00F34E9B /* get.sensitivity.objex.Rd */ = {isa = PBXFileReference; fileEncoding = 4; lastKnownFileType = text; name = get.sensitivity.objex.Rd; path = man/get.sensitivity.objex.Rd; sourceTree = SOURCE_ROOT; };
		DA7F16E70E01144D00F34E9B /* dimnames.lpExtPtr.Rd */ = {isa = PBXFileReference; fileEncoding = 4; lastKnownFileType = text; name = dimnames.lpExtPtr.Rd; path = man/dimnames.lpExtPtr.Rd; sourceTree = SOURCE_ROOT; };
		DA7F16E80E01144D00F34E9B /* get.dual.solution.Rd */ = {isa = PBXFileReference; fileEncoding = 4; lastKnownFileType = text; name = get.dual.solution.Rd; path = man/get.dual.solution.Rd; sourceTree = SOURCE_ROOT; };
		DA7F16E90E01144E00F34E9B /* get.basis.Rd */ = {isa = PBXFileReference; fileEncoding = 4; lastKnownFileType = text; name = get.basis.Rd; path = man/get.basis.Rd; sourceTree = SOURCE_ROOT; };
		DA7F16EA0E01144E00F34E9B /* row.add.mode.Rd */ = {isa = PBXFileReference; fileEncoding = 4; lastKnownFileType = text; name = row.add.mode.Rd; path = man/row.add.mode.Rd; sourceTree = SOURCE_ROOT; };
		DA7F16EB0E01144E00F34E9B /* add.column.Rd */ = {isa = PBXFileReference; fileEncoding = 4; lastKnownFileType = text; name = add.column.Rd; path = man/add.column.Rd; sourceTree = SOURCE_ROOT; };
		DA7F16EC0E01144E00F34E9B /* set.bounds.Rd */ = {isa = PBXFileReference; fileEncoding = 4; lastKnownFileType = text; name = set.bounds.Rd; path = man/set.bounds.Rd; sourceTree = SOURCE_ROOT; };
		DA7F16ED0E01144E00F34E9B /* get.constraints.Rd */ = {isa = PBXFileReference; fileEncoding = 4; lastKnownFileType = text; name = get.constraints.Rd; path = man/get.constraints.Rd; sourceTree = SOURCE_ROOT; };
		DA7F16EE0E01144E00F34E9B /* make.lp.Rd */ = {isa = PBXFileReference; fileEncoding = 4; lastKnownFileType = text; name = make.lp.Rd; path = man/make.lp.Rd; sourceTree = SOURCE_ROOT; };
		DA7F16EF0E01144E00F34E9B /* set.column.Rd */ = {isa = PBXFileReference; fileEncoding = 4; lastKnownFileType = text; name = set.column.Rd; path = man/set.column.Rd; sourceTree = SOURCE_ROOT; };
		DA7F16F00E01144E00F34E9B /* lp.control.Rd */ = {isa = PBXFileReference; fileEncoding = 4; lastKnownFileType = text; name = lp.control.Rd; path = man/lp.control.Rd; sourceTree = SOURCE_ROOT; };
		DA7F16F10E01144E00F34E9B /* undocumented.Rd */ = {isa = PBXFileReference; fileEncoding = 4; lastKnownFileType = text; name = undocumented.Rd; path = man/undocumented.Rd; sourceTree = SOURCE_ROOT; };
		DA7F16F20E01144E00F34E9B /* add.SOS.Rd */ = {isa = PBXFileReference; fileEncoding = 4; lastKnownFileType = text; name = add.SOS.Rd; path = man/add.SOS.Rd; sourceTree = SOURCE_ROOT; };
		DA7F16F30E01144E00F34E9B /* set.basis.Rd */ = {isa = PBXFileReference; fileEncoding = 4; lastKnownFileType = text; name = set.basis.Rd; path = man/set.basis.Rd; sourceTree = SOURCE_ROOT; };
		DA7F16F40E01144E00F34E9B /* delete.column.Rd */ = {isa = PBXFileReference; fileEncoding = 4; lastKnownFileType = text; name = delete.column.Rd; path = man/delete.column.Rd; sourceTree = SOURCE_ROOT; };
		DA7F16F50E01144E00F34E9B /* get.mat.Rd */ = {isa = PBXFileReference; fileEncoding = 4; lastKnownFileType = text; name = get.mat.Rd; path = man/get.mat.Rd; sourceTree = SOURCE_ROOT; };
		DA7F16F60E01144E00F34E9B /* get.solutioncount.Rd */ = {isa = PBXFileReference; fileEncoding = 4; lastKnownFileType = text; name = get.solutioncount.Rd; path = man/get.solutioncount.Rd; sourceTree = SOURCE_ROOT; };
		DA7F16F70E01144E00F34E9B /* write.lp.Rd */ = {isa = PBXFileReference; fileEncoding = 4; lastKnownFileType = text; name = write.lp.Rd; path = man/write.lp.Rd; sourceTree = SOURCE_ROOT; };
		DA7F16F80E01144E00F34E9B /* get.constr.type.Rd */ = {isa = PBXFileReference; fileEncoding = 4; lastKnownFileType = text; name = get.constr.type.Rd; path = man/get.constr.type.Rd; sourceTree = SOURCE_ROOT; };
		DA7F16F90E01144E00F34E9B /* solve.lpExtPtr.Rd */ = {isa = PBXFileReference; fileEncoding = 4; lastKnownFileType = text; name = solve.lpExtPtr.Rd; path = man/solve.lpExtPtr.Rd; sourceTree = SOURCE_ROOT; };
		DA7F16FA0E01144E00F34E9B /* get.rhs.Rd */ = {isa = PBXFileReference; fileEncoding = 4; lastKnownFileType = text; name = get.rhs.Rd; path = man/get.rhs.Rd; sourceTree = SOURCE_ROOT; };
		DA7F16FB0E01144E00F34E9B /* add.constraint.Rd */ = {isa = PBXFileReference; fileEncoding = 4; lastKnownFileType = text; name = add.constraint.Rd; path = man/add.constraint.Rd; sourceTree = SOURCE_ROOT; };
		DA7F16FC0E01144E00F34E9B /* resize.lp.Rd */ = {isa = PBXFileReference; fileEncoding = 4; lastKnownFileType = text; name = resize.lp.Rd; path = man/resize.lp.Rd; sourceTree = SOURCE_ROOT; };
		DA7F16FD0E01144E00F34E9B /* set.mat.Rd */ = {isa = PBXFileReference; fileEncoding = 4; lastKnownFileType = text; name = set.mat.Rd; path = man/set.mat.Rd; sourceTree = SOURCE_ROOT; };
		DA7F16FE0E01144E00F34E9B /* delete.lp.Rd */ = {isa = PBXFileReference; fileEncoding = 4; lastKnownFileType = text; name = delete.lp.Rd; path = man/delete.lp.Rd; sourceTree = SOURCE_ROOT; };
		DA7F16FF0E01144E00F34E9B /* get.sensitivity.obj.Rd */ = {isa = PBXFileReference; fileEncoding = 4; lastKnownFileType = text; name = get.sensitivity.obj.Rd; path = man/get.sensitivity.obj.Rd; sourceTree = SOURCE_ROOT; };
		DA7F17000E01144E00F34E9B /* set.constr.type.Rd */ = {isa = PBXFileReference; fileEncoding = 4; lastKnownFileType = text; name = set.constr.type.Rd; path = man/set.constr.type.Rd; sourceTree = SOURCE_ROOT; };
		DA7F17010E01144E00F34E9B /* lp.control.options.Rd */ = {isa = PBXFileReference; fileEncoding = 4; lastKnownFileType = text; name = lp.control.options.Rd; path = man/lp.control.options.Rd; sourceTree = SOURCE_ROOT; };
		DA7F17020E01144E00F34E9B /* delete.constraint.Rd */ = {isa = PBXFileReference; fileEncoding = 4; lastKnownFileType = text; name = delete.constraint.Rd; path = man/delete.constraint.Rd; sourceTree = SOURCE_ROOT; };
		DA7F17030E01144E00F34E9B /* read.lp.Rd */ = {isa = PBXFileReference; fileEncoding = 4; lastKnownFileType = text; name = read.lp.Rd; path = man/read.lp.Rd; sourceTree = SOURCE_ROOT; };
		DA7F17040E01144E00F34E9B /* guess.basis.Rd */ = {isa = PBXFileReference; fileEncoding = 4; lastKnownFileType = text; name = guess.basis.Rd; path = man/guess.basis.Rd; sourceTree = SOURCE_ROOT; };
		DA7F17050E01144E00F34E9B /* get.variables.Rd */ = {isa = PBXFileReference; fileEncoding = 4; lastKnownFileType = text; name = get.variables.Rd; path = man/get.variables.Rd; sourceTree = SOURCE_ROOT; };
		DA7F17060E01144E00F34E9B /* set.rhs.Rd */ = {isa = PBXFileReference; fileEncoding = 4; lastKnownFileType = text; name = set.rhs.Rd; path = man/set.rhs.Rd; sourceTree = SOURCE_ROOT; };
		DA7F17070E01144E00F34E9B /* get.objective.Rd */ = {isa = PBXFileReference; fileEncoding = 4; lastKnownFileType = text; name = get.objective.Rd; path = man/get.objective.Rd; sourceTree = SOURCE_ROOT; };
		DA7F17080E01144E00F34E9B /* set.objfn.Rd */ = {isa = PBXFileReference; fileEncoding = 4; lastKnownFileType = text; name = set.objfn.Rd; path = man/set.objfn.Rd; sourceTree = SOURCE_ROOT; };
		DA7F17090E01144E00F34E9B /* dim.lpExtPtr.Rd */ = {isa = PBXFileReference; fileEncoding = 4; lastKnownFileType = text; name = dim.lpExtPtr.Rd; path = man/dim.lpExtPtr.Rd; sourceTree = SOURCE_ROOT; };
		DA7F170A0E01144E00F34E9B /* name.lp.Rd */ = {isa = PBXFileReference; fileEncoding = 4; lastKnownFileType = text; name = name.lp.Rd; path = man/name.lp.Rd; sourceTree = SOURCE_ROOT; };
		DA7F170B0E01144E00F34E9B /* select.solution.Rd */ = {isa = PBXFileReference; fileEncoding = 4; lastKnownFileType = text; name = select.solution.Rd; path = man/select.solution.Rd; sourceTree = SOURCE_ROOT; };
		DA7F170C0E01144E00F34E9B /* get.branch.mode.Rd */ = {isa = PBXFileReference; fileEncoding = 4; lastKnownFileType = text; name = get.branch.mode.Rd; path = man/get.branch.mode.Rd; sourceTree = SOURCE_ROOT; };
		DA7F170D0E01144E00F34E9B /* get.type.Rd */ = {isa = PBXFileReference; fileEncoding = 4; lastKnownFileType = text; name = get.type.Rd; path = man/get.type.Rd; sourceTree = SOURCE_ROOT; };
		DA7F170E0E01144E00F34E9B /* set.branch.weights.Rd */ = {isa = PBXFileReference; fileEncoding = 4; lastKnownFileType = text; name = set.branch.weights.Rd; path = man/set.branch.weights.Rd; sourceTree = SOURCE_ROOT; };
		DA7F170F0E01144E00F34E9B /* get.constr.value.Rd */ = {isa = PBXFileReference; fileEncoding = 4; lastKnownFileType = text; name = get.constr.value.Rd; path = man/get.constr.value.Rd; sourceTree = SOURCE_ROOT; };
		DA7F17100E01144E00F34E9B /* set.row.Rd */ = {isa = PBXFileReference; fileEncoding = 4; lastKnownFileType = text; name = set.row.Rd; path = man/set.row.Rd; sourceTree = SOURCE_ROOT; };
		DA7F17110E01144E00F34E9B /* get.total.iter.Rd */ = {isa = PBXFileReference; fileEncoding = 4; lastKnownFileType = text; name = get.total.iter.Rd; path = man/get.total.iter.Rd; sourceTree = SOURCE_ROOT; };
		DA7F17120E01144E00F34E9B /* get.sensitivity.rhs.Rd */ = {isa = PBXFileReference; fileEncoding = 4; lastKnownFileType = text; name = get.sensitivity.rhs.Rd; path = man/get.sensitivity.rhs.Rd; sourceTree = SOURCE_ROOT; };
		DA7F17130E01144E00F34E9B /* get.kind.Rd */ = {isa = PBXFileReference; fileEncoding = 4; lastKnownFileType = text; name = get.kind.Rd; path = man/get.kind.Rd; sourceTree = SOURCE_ROOT; };
		DA7F17140E01144E00F34E9B /* get.total.nodes.Rd */ = {isa = PBXFileReference; fileEncoding = 4; lastKnownFileType = text; name = get.total.nodes.Rd; path = man/get.total.nodes.Rd; sourceTree = SOURCE_ROOT; };
		DA7F17150E01144E00F34E9B /* get.bounds.Rd */ = {isa = PBXFileReference; fileEncoding = 4; lastKnownFileType = text; name = get.bounds.Rd; path = man/get.bounds.Rd; sourceTree = SOURCE_ROOT; };
		DA7F17160E01144E00F34E9B /* set.branch.mode.Rd */ = {isa = PBXFileReference; fileEncoding = 4; lastKnownFileType = text; name = set.branch.mode.Rd; path = man/set.branch.mode.Rd; sourceTree = SOURCE_ROOT; };
		DA7F17180E01144E00F34E9B /* row.add.mode.q */ = {isa = PBXFileReference; fileEncoding = 4; lastKnownFileType = text; name = row.add.mode.q; path = R/row.add.mode.q; sourceTree = SOURCE_ROOT; };
		DA7F17190E01144E00F34E9B /* set.constr.type.q */ = {isa = PBXFileReference; fileEncoding = 4; lastKnownFileType = text; name = set.constr.type.q; path = R/set.constr.type.q; sourceTree = SOURCE_ROOT; };
		DA7F171A0E01144E00F34E9B /* get.constraints.q */ = {isa = PBXFileReference; fileEncoding = 4; lastKnownFileType = text; name = get.constraints.q; path = R/get.constraints.q; sourceTree = SOURCE_ROOT; };
		DA7F171B0E01144E00F34E9B /* guess.basis.q */ = {isa = PBXFileReference; fileEncoding = 4; lastKnownFileType = text; name = guess.basis.q; path = R/guess.basis.q; sourceTree = SOURCE_ROOT; };
		DA7F171C0E01144E00F34E9B /* get.variables.q */ = {isa = PBXFileReference; fileEncoding = 4; lastKnownFileType = text; name = get.variables.q; path = R/get.variables.q; sourceTree = SOURCE_ROOT; };
		DA7F171D0E01144E00F34E9B /* set.rhs.q */ = {isa = PBXFileReference; fileEncoding = 4; lastKnownFileType = text; name = set.rhs.q; path = R/set.rhs.q; sourceTree = SOURCE_ROOT; };
		DA7F171E0E01144E00F34E9B /* make.lp.q */ = {isa = PBXFileReference; fileEncoding = 4; lastKnownFileType = text; name = make.lp.q; path = R/make.lp.q; sourceTree = SOURCE_ROOT; };
		DA7F171F0E01144E00F34E9B /* set.column.q */ = {isa = PBXFileReference; fileEncoding = 4; lastKnownFileType = text; name = set.column.q; path = R/set.column.q; sourceTree = SOURCE_ROOT; };
		DA7F17200E01144F00F34E9B /* get.objective.q */ = {isa = PBXFileReference; fileEncoding = 4; lastKnownFileType = text; name = get.objective.q; path = R/get.objective.q; sourceTree = SOURCE_ROOT; };
		DA7F17210E01144F00F34E9B /* set.objfn.q */ = {isa = PBXFileReference; fileEncoding = 4; lastKnownFileType = text; name = set.objfn.q; path = R/set.objfn.q; sourceTree = SOURCE_ROOT; };
		DA7F17220E01144F00F34E9B /* dim.lpExtPtr.q */ = {isa = PBXFileReference; fileEncoding = 4; lastKnownFileType = text; name = dim.lpExtPtr.q; path = R/dim.lpExtPtr.q; sourceTree = SOURCE_ROOT; };
		DA7F17230E01144F00F34E9B /* name.lp.q */ = {isa = PBXFileReference; fileEncoding = 4; lastKnownFileType = text; name = name.lp.q; path = R/name.lp.q; sourceTree = SOURCE_ROOT; };
		DA7F17240E01144F00F34E9B /* select.solution.q */ = {isa = PBXFileReference; fileEncoding = 4; lastKnownFileType = text; name = select.solution.q; path = R/select.solution.q; sourceTree = SOURCE_ROOT; };
		DA7F17250E01144F00F34E9B /* add.SOS.q */ = {isa = PBXFileReference; fileEncoding = 4; lastKnownFileType = text; name = add.SOS.q; path = R/add.SOS.q; sourceTree = SOURCE_ROOT; };
		DA7F17260E01144F00F34E9B /* set.basis.q */ = {isa = PBXFileReference; fileEncoding = 4; lastKnownFileType = text; name = set.basis.q; path = R/set.basis.q; sourceTree = SOURCE_ROOT; };
		DA7F17270E01144F00F34E9B /* get.branch.mode.q */ = {isa = PBXFileReference; fileEncoding = 4; lastKnownFileType = text; name = get.branch.mode.q; path = R/get.branch.mode.q; sourceTree = SOURCE_ROOT; };
		DA7F17280E01144F00F34E9B /* get.mat.q */ = {isa = PBXFileReference; fileEncoding = 4; lastKnownFileType = text; name = get.mat.q; path = R/get.mat.q; sourceTree = SOURCE_ROOT; };
		DA7F17290E01144F00F34E9B /* set.branch.weights.q */ = {isa = PBXFileReference; fileEncoding = 4; lastKnownFileType = text; name = set.branch.weights.q; path = R/set.branch.weights.q; sourceTree = SOURCE_ROOT; };
		DA7F172A0E01144F00F34E9B /* get.solutioncount.q */ = {isa = PBXFileReference; fileEncoding = 4; lastKnownFileType = text; name = get.solutioncount.q; path = R/get.solutioncount.q; sourceTree = SOURCE_ROOT; };
		DA7F172B0E01144F00F34E9B /* get.total.nodes.q */ = {isa = PBXFileReference; fileEncoding = 4; lastKnownFileType = text; name = get.total.nodes.q; path = R/get.total.nodes.q; sourceTree = SOURCE_ROOT; };
		DA7F172C0E01144F00F34E9B /* get.bounds.q */ = {isa = PBXFileReference; fileEncoding = 4; lastKnownFileType = text; name = get.bounds.q; path = R/get.bounds.q; sourceTree = SOURCE_ROOT; };
		DA7F172D0E01144F00F34E9B /* set.branch.mode.q */ = {isa = PBXFileReference; fileEncoding = 4; lastKnownFileType = text; name = set.branch.mode.q; path = R/set.branch.mode.q; sourceTree = SOURCE_ROOT; };
		DA7F172E0E01144F00F34E9B /* add.constraint.q */ = {isa = PBXFileReference; fileEncoding = 4; lastKnownFileType = text; name = add.constraint.q; path = R/add.constraint.q; sourceTree = SOURCE_ROOT; };
		DA7F172F0E01144F00F34E9B /* resize.lp.q */ = {isa = PBXFileReference; fileEncoding = 4; lastKnownFileType = text; name = resize.lp.q; path = R/resize.lp.q; sourceTree = SOURCE_ROOT; };
		DA7F17300E01144F00F34E9B /* set.mat.q */ = {isa = PBXFileReference; fileEncoding = 4; lastKnownFileType = text; name = set.mat.q; path = R/set.mat.q; sourceTree = SOURCE_ROOT; };
		DA7F17310E01144F00F34E9B /* get.sensitivity.objex.q */ = {isa = PBXFileReference; fileEncoding = 4; lastKnownFileType = text; name = get.sensitivity.objex.q; path = R/get.sensitivity.objex.q; sourceTree = SOURCE_ROOT; };
		DA7F17320E01144F00F34E9B /* dimnames.lpExtPtr.q */ = {isa = PBXFileReference; fileEncoding = 4; lastKnownFileType = text; name = dimnames.lpExtPtr.q; path = R/dimnames.lpExtPtr.q; sourceTree = SOURCE_ROOT; };
		DA7F17330E01144F00F34E9B /* get.dual.solution.q */ = {isa = PBXFileReference; fileEncoding = 4; lastKnownFileType = text; name = get.dual.solution.q; path = R/get.dual.solution.q; sourceTree = SOURCE_ROOT; };
		DA7F17340E01144F00F34E9B /* get.sensitivity.obj.q */ = {isa = PBXFileReference; fileEncoding = 4; lastKnownFileType = text; name = get.sensitivity.obj.q; path = R/get.sensitivity.obj.q; sourceTree = SOURCE_ROOT; };
		DA7F17350E01144F00F34E9B /* add.column.q */ = {isa = PBXFileReference; fileEncoding = 4; lastKnownFileType = text; name = add.column.q; path = R/add.column.q; sourceTree = SOURCE_ROOT; };
		DA7F17360E01144F00F34E9B /* set.bounds.q */ = {isa = PBXFileReference; fileEncoding = 4; lastKnownFileType = text; name = set.bounds.q; path = R/set.bounds.q; sourceTree = SOURCE_ROOT; };
		DA7F17370E01144F00F34E9B /* delete.constraint.q */ = {isa = PBXFileReference; fileEncoding = 4; lastKnownFileType = text; name = delete.constraint.q; path = R/delete.constraint.q; sourceTree = SOURCE_ROOT; };
		DA7F17380E01144F00F34E9B /* read.lp.q */ = {isa = PBXFileReference; fileEncoding = 4; lastKnownFileType = text; name = read.lp.q; path = R/read.lp.q; sourceTree = SOURCE_ROOT; };
		DA7F17390E01144F00F34E9B /* solve.q */ = {isa = PBXFileReference; fileEncoding = 4; lastKnownFileType = text; name = solve.q; path = R/solve.q; sourceTree = SOURCE_ROOT; };
		DA7F173A0E01144F00F34E9B /* lp.control.q */ = {isa = PBXFileReference; fileEncoding = 4; lastKnownFileType = text; name = lp.control.q; path = R/lp.control.q; sourceTree = SOURCE_ROOT; };
		DA7F173B0E01144F00F34E9B /* delete.column.q */ = {isa = PBXFileReference; fileEncoding = 4; lastKnownFileType = text; name = delete.column.q; path = R/delete.column.q; sourceTree = SOURCE_ROOT; };
		DA7F173C0E01144F00F34E9B /* get.type.q */ = {isa = PBXFileReference; fileEncoding = 4; lastKnownFileType = text; name = get.type.q; path = R/get.type.q; sourceTree = SOURCE_ROOT; };
		DA7F173D0E01144F00F34E9B /* get.constr.value.q */ = {isa = PBXFileReference; fileEncoding = 4; lastKnownFileType = text; name = get.constr.value.q; path = R/get.constr.value.q; sourceTree = SOURCE_ROOT; };
		DA7F173E0E01145000F34E9B /* set.row.q */ = {isa = PBXFileReference; fileEncoding = 4; lastKnownFileType = text; name = set.row.q; path = R/set.row.q; sourceTree = SOURCE_ROOT; };
		DA7F173F0E01145000F34E9B /* get.total.iter.q */ = {isa = PBXFileReference; fileEncoding = 4; lastKnownFileType = text; name = get.total.iter.q; path = R/get.total.iter.q; sourceTree = SOURCE_ROOT; };
		DA7F17400E01145000F34E9B /* get.sensitivity.rhs.q */ = {isa = PBXFileReference; fileEncoding = 4; lastKnownFileType = text; name = get.sensitivity.rhs.q; path = R/get.sensitivity.rhs.q; sourceTree = SOURCE_ROOT; };
		DA7F17410E01145000F34E9B /* get.kind.q */ = {isa = PBXFileReference; fileEncoding = 4; lastKnownFileType = text; name = get.kind.q; path = R/get.kind.q; sourceTree = SOURCE_ROOT; };
		DA7F17420E01145000F34E9B /* library.q */ = {isa = PBXFileReference; fileEncoding = 4; lastKnownFileType = text; name = library.q; path = R/library.q; sourceTree = SOURCE_ROOT; };
		DA7F17430E01145000F34E9B /* write.lp.q */ = {isa = PBXFileReference; fileEncoding = 4; lastKnownFileType = text; name = write.lp.q; path = R/write.lp.q; sourceTree = SOURCE_ROOT; };
		DA7F17440E01145000F34E9B /* get.constr.type.q */ = {isa = PBXFileReference; fileEncoding = 4; lastKnownFileType = text; name = get.constr.type.q; path = R/get.constr.type.q; sourceTree = SOURCE_ROOT; };
		DA7F17450E01145000F34E9B /* get.rhs.q */ = {isa = PBXFileReference; fileEncoding = 4; lastKnownFileType = text; name = get.rhs.q; path = R/get.rhs.q; sourceTree = SOURCE_ROOT; };
		DA7F17460E01145000F34E9B /* get.column.q */ = {isa = PBXFileReference; fileEncoding = 4; lastKnownFileType = text; name = get.column.q; path = R/get.column.q; sourceTree = SOURCE_ROOT; };
		DA7F17470E01145000F34E9B /* set.semicont.q */ = {isa = PBXFileReference; fileEncoding = 4; lastKnownFileType = text; name = set.semicont.q; path = R/set.semicont.q; sourceTree = SOURCE_ROOT; };
		DA7F17480E01145000F34E9B /* set.type.q */ = {isa = PBXFileReference; fileEncoding = 4; lastKnownFileType = text; name = set.type.q; path = R/set.type.q; sourceTree = SOURCE_ROOT; };
		DA7F17490E01145000F34E9B /* delete.lp.q */ = {isa = PBXFileReference; fileEncoding = 4; lastKnownFileType = text; name = delete.lp.q; path = R/delete.lp.q; sourceTree = SOURCE_ROOT; };
		DA7F174A0E01145000F34E9B /* get.primal.solution.q */ = {isa = PBXFileReference; fileEncoding = 4; lastKnownFileType = text; name = get.primal.solution.q; path = R/get.primal.solution.q; sourceTree = SOURCE_ROOT; };
		DA7F174B0E01145000F34E9B /* print.lpExtPtr.q */ = {isa = PBXFileReference; fileEncoding = 4; lastKnownFileType = text; name = print.lpExtPtr.q; path = R/print.lpExtPtr.q; sourceTree = SOURCE_ROOT; };
		DA7F174C0E01145000F34E9B /* set.constr.value.q */ = {isa = PBXFileReference; fileEncoding = 4; lastKnownFileType = text; name = set.constr.value.q; path = R/set.constr.value.q; sourceTree = SOURCE_ROOT; };
		DA7F174D0E01145000F34E9B /* get.basis.q */ = {isa = PBXFileReference; fileEncoding = 4; lastKnownFileType = text; name = get.basis.q; path = R/get.basis.q; sourceTree = SOURCE_ROOT; };
		DA7F174F0E01145000F34E9B /* lp_LUSOL.h */ = {isa = PBXFileReference; fileEncoding = 4; lastKnownFileType = sourcecode.c.h; path = lp_LUSOL.h; sourceTree = "<group>"; };
		DA7F17500E01145000F34E9B /* colamd.c */ = {isa = PBXFileReference; fileEncoding = 4; lastKnownFileType = sourcecode.c.c; path = colamd.c; sourceTree = "<group>"; };
		DA7F17510E01145000F34E9B /* lp_lib.c */ = {isa = PBXFileReference; fileEncoding = 4; lastKnownFileType = sourcecode.c.c; path = lp_lib.c; sourceTree = "<group>"; };
		DA7F17520E01145000F34E9B /* colamd.h */ = {isa = PBXFileReference; fileEncoding = 4; lastKnownFileType = sourcecode.c.h; path = colamd.h; sourceTree = "<group>"; };
		DA7F17530E01145000F34E9B /* lp_lib.h */ = {isa = PBXFileReference; fileEncoding = 4; lastKnownFileType = sourcecode.c.h; path = lp_lib.h; sourceTree = "<group>"; };
		DA7F17540E01145000F34E9B /* lp_BFP.h */ = {isa = PBXFileReference; fileEncoding = 4; lastKnownFileType = sourcecode.c.h; path = lp_BFP.h; sourceTree = "<group>"; };
		DA7F17550E01145000F34E9B /* lp_MDO.c */ = {isa = PBXFileReference; fileEncoding = 4; lastKnownFileType = sourcecode.c.c; path = lp_MDO.c; sourceTree = "<group>"; };
		DA7F17560E01145000F34E9B /* lusol1.CFILE */ = {isa = PBXFileReference; fileEncoding = 4; lastKnownFileType = text; path = lusol1.CFILE; sourceTree = "<group>"; };
		DA7F17570E01145000F34E9B /* ini.c */ = {isa = PBXFileReference; fileEncoding = 4; lastKnownFileType = sourcecode.c.c; path = ini.c; sourceTree = "<group>"; };
		DA7F17580E01145000F34E9B /* lp_MDO.h */ = {isa = PBXFileReference; fileEncoding = 4; lastKnownFileType = sourcecode.c.h; path = lp_MDO.h; sourceTree = "<group>"; };
		DA7F17590E01145000F34E9B /* lp_scale.c */ = {isa = PBXFileReference; fileEncoding = 4; lastKnownFileType = sourcecode.c.c; path = lp_scale.c; sourceTree = "<group>"; };
		DA7F175A0E01145000F34E9B /* ini.h */ = {isa = PBXFileReference; fileEncoding = 4; lastKnownFileType = sourcecode.c.h; path = ini.h; sourceTree = "<group>"; };
		DA7F175B0E01145000F34E9B /* Makevars.win */ = {isa = PBXFileReference; fileEncoding = 4; lastKnownFileType = text; name = Makevars.win; path = src/Makevars.win; sourceTree = SOURCE_ROOT; };
		DA7F175C0E01145000F34E9B /* lp_BFP2.CFILE */ = {isa = PBXFileReference; fileEncoding = 4; lastKnownFileType = text; path = lp_BFP2.CFILE; sourceTree = "<group>"; };
		DA7F175D0E01145000F34E9B /* lusol6a.CFILE */ = {isa = PBXFileReference; fileEncoding = 4; lastKnownFileType = text; path = lusol6a.CFILE; sourceTree = "<group>"; };
		DA7F175E0E01145000F34E9B /* lp_scale.h */ = {isa = PBXFileReference; fileEncoding = 4; lastKnownFileType = sourcecode.c.h; path = lp_scale.h; sourceTree = "<group>"; };
		DA7F175F0E01145000F34E9B /* lp_MPS.c */ = {isa = PBXFileReference; fileEncoding = 4; lastKnownFileType = sourcecode.c.c; path = lp_MPS.c; sourceTree = "<group>"; };
		DA7F17600E01145000F34E9B /* lp_matrix.c */ = {isa = PBXFileReference; fileEncoding = 4; lastKnownFileType = sourcecode.c.c; path = lp_matrix.c; sourceTree = "<group>"; };
		DA7F17610E01145000F34E9B /* lp_MPS.h */ = {isa = PBXFileReference; fileEncoding = 4; lastKnownFileType = sourcecode.c.h; path = lp_MPS.h; sourceTree = "<group>"; };
		DA7F17620E01145000F34E9B /* lp_types.h */ = {isa = PBXFileReference; fileEncoding = 4; lastKnownFileType = sourcecode.c.h; path = lp_types.h; sourceTree = "<group>"; };
		DA7F17630E01145000F34E9B /* lp_matrix.h */ = {isa = PBXFileReference; fileEncoding = 4; lastKnownFileType = sourcecode.c.h; path = lp_matrix.h; sourceTree = "<group>"; };
		DA7F17640E01145000F34E9B /* lusol6u.CFILE */ = {isa = PBXFileReference; fileEncoding = 4; lastKnownFileType = text; path = lusol6u.CFILE; sourceTree = "<group>"; };
		DA7F17650E01145000F34E9B /* lp_params.c */ = {isa = PBXFileReference; fileEncoding = 4; lastKnownFileType = sourcecode.c.c; path = lp_params.c; sourceTree = "<group>"; };
		DA7F17660E01145000F34E9B /* lusol6l0.CFILE */ = {isa = PBXFileReference; fileEncoding = 4; lastKnownFileType = text; path = lusol6l0.CFILE; sourceTree = "<group>"; };
		DA7F17670E01145000F34E9B /* lp_rlp.c */ = {isa = PBXFileReference; fileEncoding = 4; lastKnownFileType = sourcecode.c.c; path = lp_rlp.c; sourceTree = "<group>"; };
		DA7F17680E01145000F34E9B /* lp_presolve.c */ = {isa = PBXFileReference; fileEncoding = 4; lastKnownFileType = sourcecode.c.c; path = lp_presolve.c; sourceTree = "<group>"; };
		DA7F17690E01145000F34E9B /* lp_wlp.c */ = {isa = PBXFileReference; fileEncoding = 4; lastKnownFileType = sourcecode.c.c; path = lp_wlp.c; sourceTree = "<group>"; };
		DA7F176A0E01145000F34E9B /* lp_rlp.h */ = {isa = PBXFileReference; fileEncoding = 4; lastKnownFileType = sourcecode.c.h; path = lp_rlp.h; sourceTree = "<group>"; };
		DA7F176B0E01145000F34E9B /* lusol.c */ = {isa = PBXFileReference; fileEncoding = 4; lastKnownFileType = sourcecode.c.c; path = lusol.c; sourceTree = "<group>"; };
		DA7F176C0E01145000F34E9B /* lp_presolve.h */ = {isa = PBXFileReference; fileEncoding = 4; lastKnownFileType = sourcecode.c.h; path = lp_presolve.h; sourceTree = "<group>"; };
		DA7F176D0E01145000F34E9B /* lp_SOS.c */ = {isa = PBXFileReference; fileEncoding = 4; lastKnownFileType = sourcecode.c.c; path = lp_SOS.c; sourceTree = "<group>"; };
		DA7F176E0E01145000F34E9B /* mmio.c */ = {isa = PBXFileReference; fileEncoding = 4; lastKnownFileType = sourcecode.c.c; path = mmio.c; sourceTree = "<group>"; };
		DA7F176F0E01145000F34E9B /* lp_wlp.h */ = {isa = PBXFileReference; fileEncoding = 4; lastKnownFileType = sourcecode.c.h; path = lp_wlp.h; sourceTree = "<group>"; };
		DA7F17700E01145000F34E9B /* lusol.h */ = {isa = PBXFileReference; fileEncoding = 4; lastKnownFileType = sourcecode.c.h; path = lusol.h; sourceTree = "<group>"; };
		DA7F17710E01145000F34E9B /* lp_SOS.h */ = {isa = PBXFileReference; fileEncoding = 4; lastKnownFileType = sourcecode.c.h; path = lp_SOS.h; sourceTree = "<group>"; };
		DA7F17720E01145000F34E9B /* mmio.h */ = {isa = PBXFileReference; fileEncoding = 4; lastKnownFileType = sourcecode.c.h; path = mmio.h; sourceTree = "<group>"; };
		DA7F17730E01145000F34E9B /* yacc_read.c */ = {isa = PBXFileReference; fileEncoding = 4; lastKnownFileType = sourcecode.c.c; path = yacc_read.c; sourceTree = "<group>"; };
		DA7F17740E01145000F34E9B /* yacc_read.h */ = {isa = PBXFileReference; fileEncoding = 4; lastKnownFileType = sourcecode.c.h; path = yacc_read.h; sourceTree = "<group>"; };
		DA7F17750E01145000F34E9B /* lusol2.CFILE */ = {isa = PBXFileReference; fileEncoding = 4; lastKnownFileType = text; path = lusol2.CFILE; sourceTree = "<group>"; };
		DA7F17760E01145000F34E9B /* lp_BFP1.CFILE */ = {isa = PBXFileReference; fileEncoding = 4; lastKnownFileType = text; path = lp_BFP1.CFILE; sourceTree = "<group>"; };
		DA7F17770E01145000F34E9B /* lp_mipbb.c */ = {isa = PBXFileReference; fileEncoding = 4; lastKnownFileType = sourcecode.c.c; path = lp_mipbb.c; sourceTree = "<group>"; };
		DA7F17780E01145000F34E9B /* lusol8a.CFILE */ = {isa = PBXFileReference; fileEncoding = 4; lastKnownFileType = text; path = lusol8a.CFILE; sourceTree = "<group>"; };
		DA7F17790E01145000F34E9B /* myblas.c */ = {isa = PBXFileReference; fileEncoding = 4; lastKnownFileType = sourcecode.c.c; path = myblas.c; sourceTree = "<group>"; };
		DA7F177A0E01145000F34E9B /* lpkit.h */ = {isa = PBXFileReference; fileEncoding = 4; lastKnownFileType = sourcecode.c.h; path = lpkit.h; sourceTree = "<group>"; };
		DA7F177B0E01145000F34E9B /* lp_mipbb.h */ = {isa = PBXFileReference; fileEncoding = 4; lastKnownFileType = sourcecode.c.h; path = lp_mipbb.h; sourceTree = "<group>"; };
		DA7F177C0E01145000F34E9B /* lp_utils.c */ = {isa = PBXFileReference; fileEncoding = 4; lastKnownFileType = sourcecode.c.c; path = lp_utils.c; sourceTree = "<group>"; };
		DA7F177D0E01145000F34E9B /* lp_crash.c */ = {isa = PBXFileReference; fileEncoding = 4; lastKnownFileType = sourcecode.c.c; path = lp_crash.c; sourceTree = "<group>"; };
		DA7F177E0E01145000F34E9B /* myblas.h */ = {isa = PBXFileReference; fileEncoding = 4; lastKnownFileType = sourcecode.c.h; path = myblas.h; sourceTree = "<group>"; };
		DA7F177F0E01145000F34E9B /* lp_price.c */ = {isa = PBXFileReference; fileEncoding = 4; lastKnownFileType = sourcecode.c.c; path = lp_price.c; sourceTree = "<group>"; };
		DA7F17800E01145000F34E9B /* lp_utils.h */ = {isa = PBXFileReference; fileEncoding = 4; lastKnownFileType = sourcecode.c.h; path = lp_utils.h; sourceTree = "<group>"; };
		DA7F17810E01145000F34E9B /* lp_crash.h */ = {isa = PBXFileReference; fileEncoding = 4; lastKnownFileType = sourcecode.c.h; path = lp_crash.h; sourceTree = "<group>"; };
		DA7F17820E01145000F34E9B /* lp_price.h */ = {isa = PBXFileReference; fileEncoding = 4; lastKnownFileType = sourcecode.c.h; path = lp_price.h; sourceTree = "<group>"; };
		DA7F17830E01145000F34E9B /* lp_pricePSE.c */ = {isa = PBXFileReference; fileEncoding = 4; lastKnownFileType = sourcecode.c.c; path = lp_pricePSE.c; sourceTree = "<group>"; };
		DA7F17840E01145000F34E9B /* lp_report.c */ = {isa = PBXFileReference; fileEncoding = 4; lastKnownFileType = sourcecode.c.c; path = lp_report.c; sourceTree = "<group>"; };
		DA7F17850E01145000F34E9B /* RlpSolve.c */ = {isa = PBXFileReference; fileEncoding = 4; lastKnownFileType = sourcecode.c.c; name = RlpSolve.c; path = src/RlpSolve.c; sourceTree = SOURCE_ROOT; };
		DA7F17860E01145000F34E9B /* lp_pricePSE.h */ = {isa = PBXFileReference; fileEncoding = 4; lastKnownFileType = sourcecode.c.h; path = lp_pricePSE.h; sourceTree = "<group>"; };
		DA7F17870E01145000F34E9B /* lp_report.h */ = {isa = PBXFileReference; fileEncoding = 4; lastKnownFileType = sourcecode.c.h; path = lp_report.h; sourceTree = "<group>"; };
		DA7F17880E01145000F34E9B /* RlpSolve.h */ = {isa = PBXFileReference; fileEncoding = 4; lastKnownFileType = sourcecode.c.h; name = RlpSolve.h; path = src/RlpSolve.h; sourceTree = SOURCE_ROOT; };
		DA7F17890E01145000F34E9B /* lp_simplex.c */ = {isa = PBXFileReference; fileEncoding = 4; lastKnownFileType = sourcecode.c.c; path = lp_simplex.c; sourceTree = "<group>"; };
		DA7F178A0E01145000F34E9B /* lp_Hash.c */ = {isa = PBXFileReference; fileEncoding = 4; lastKnownFileType = sourcecode.c.c; path = lp_Hash.c; sourceTree = "<group>"; };
		DA7F178B0E01145000F34E9B /* commonlib.c */ = {isa = PBXFileReference; fileEncoding = 4; lastKnownFileType = sourcecode.c.c; path = commonlib.c; sourceTree = "<group>"; };
		DA7F178C0E01145000F34E9B /* lp_simplex.h */ = {isa = PBXFileReference; fileEncoding = 4; lastKnownFileType = sourcecode.c.h; path = lp_simplex.h; sourceTree = "<group>"; };
		DA7F178D0E01145000F34E9B /* fortify.c */ = {isa = PBXFileReference; fileEncoding = 4; lastKnownFileType = sourcecode.c.c; path = fortify.c; sourceTree = "<group>"; };
		DA7F178E0E01145000F34E9B /* lp_Hash.h */ = {isa = PBXFileReference; fileEncoding = 4; lastKnownFileType = sourcecode.c.h; path = lp_Hash.h; sourceTree = "<group>"; };
		DA7F178F0E01145000F34E9B /* commonlib.h */ = {isa = PBXFileReference; fileEncoding = 4; lastKnownFileType = sourcecode.c.h; path = commonlib.h; sourceTree = "<group>"; };
		DA7F17900E01145000F34E9B /* RlpSolveLink.c */ = {isa = PBXFileReference; fileEncoding = 4; lastKnownFileType = sourcecode.c.c; name = RlpSolveLink.c; path = src/RlpSolveLink.c; sourceTree = SOURCE_ROOT; };
		DA7F17910E01145000F34E9B /* lusol7a.CFILE */ = {isa = PBXFileReference; fileEncoding = 4; lastKnownFileType = text; path = lusol7a.CFILE; sourceTree = "<group>"; };
		DA7F17920E01145000F34E9B /* fortify.h */ = {isa = PBXFileReference; fileEncoding = 4; lastKnownFileType = sourcecode.c.h; path = fortify.h; sourceTree = "<group>"; };
		DA7F17930E01145000F34E9B /* Makevars */ = {isa = PBXFileReference; fileEncoding = 4; lastKnownFileType = text; name = Makevars; path = src/Makevars; sourceTree = SOURCE_ROOT; };
		DA7F17940E01145000F34E9B /* RlpSolveLink.h */ = {isa = PBXFileReference; fileEncoding = 4; lastKnownFileType = sourcecode.c.h; name = RlpSolveLink.h; path = src/RlpSolveLink.h; sourceTree = SOURCE_ROOT; };
		DA7F17950E01145000F34E9B /* lp_LUSOL.c */ = {isa = PBXFileReference; fileEncoding = 4; lastKnownFileType = sourcecode.c.c; path = lp_LUSOL.c; sourceTree = "<group>"; };
		DA7F17990E01145000F34E9B /* testmodel.lp */ = {isa = PBXFileReference; fileEncoding = 4; lastKnownFileType = sourcecode.lex; name = testmodel.lp; path = tests/testmodel.lp; sourceTree = SOURCE_ROOT; };
		DA7F179A0E01145000F34E9B /* test.q */ = {isa = PBXFileReference; fileEncoding = 4; lastKnownFileType = text; name = test.q; path = tests/test.q; sourceTree = SOURCE_ROOT; };
		DA7F179B0E01145000F34E9B /* testmodel.mps */ = {isa = PBXFileReference; fileEncoding = 4; lastKnownFileType = text; name = testmodel.mps; path = tests/testmodel.mps; sourceTree = SOURCE_ROOT; };
		DA7F17A10E0115C900F34E9B /* Rpackage.html */ = {isa = PBXFileReference; fileEncoding = 4; lastKnownFileType = text.html; name = Rpackage.html; path = website/Rpackage.html; sourceTree = SOURCE_ROOT; };
/* End PBXFileReference section */

/* Begin PBXGroup section */
		DA7F16CE0E01140F00F34E9B = {
			isa = PBXGroup;
			children = (
				DA7F16DC0E01144D00F34E9B /* DESCRIPTION */,
				DA7F17170E01144E00F34E9B /* R */,
				DA7F16DF0E01144D00F34E9B /* man */,
				DA7F174E0E01145000F34E9B /* src */,
				DA7F17980E01145000F34E9B /* tests */,
				DA7F17A00E0115B300F34E9B /* website */,
			);
			sourceTree = "<group>";
		};
		DA7F16DF0E01144D00F34E9B /* man */ = {
			isa = PBXGroup;
			children = (
				DA7F16E00E01144D00F34E9B /* get.column.Rd */,
				DA7F16E10E01144D00F34E9B /* set.semicont.Rd */,
				DA7F16E20E01144D00F34E9B /* set.type.Rd */,
				DA7F16E30E01144D00F34E9B /* get.primal.solution.Rd */,
				DA7F16E40E01144D00F34E9B /* print.lpExtPtr.Rd */,
				DA7F16E50E01144D00F34E9B /* set.constr.value.Rd */,
				DA7F16E60E01144D00F34E9B /* get.sensitivity.objex.Rd */,
				DA7F16E70E01144D00F34E9B /* dimnames.lpExtPtr.Rd */,
				DA7F16E80E01144D00F34E9B /* get.dual.solution.Rd */,
				DA7F16E90E01144E00F34E9B /* get.basis.Rd */,
				DA7F16EA0E01144E00F34E9B /* row.add.mode.Rd */,
				DA7F16EB0E01144E00F34E9B /* add.column.Rd */,
				DA7F16EC0E01144E00F34E9B /* set.bounds.Rd */,
				DA7F16ED0E01144E00F34E9B /* get.constraints.Rd */,
				DA7F16EE0E01144E00F34E9B /* make.lp.Rd */,
				DA7F16EF0E01144E00F34E9B /* set.column.Rd */,
				DA7F16F00E01144E00F34E9B /* lp.control.Rd */,
				DA7F16F10E01144E00F34E9B /* undocumented.Rd */,
				DA7F16F20E01144E00F34E9B /* add.SOS.Rd */,
				DA7F16F30E01144E00F34E9B /* set.basis.Rd */,
				DA7F16F40E01144E00F34E9B /* delete.column.Rd */,
				DA7F16F50E01144E00F34E9B /* get.mat.Rd */,
				DA7F16F60E01144E00F34E9B /* get.solutioncount.Rd */,
				DA7F16F70E01144E00F34E9B /* write.lp.Rd */,
				DA7F16F80E01144E00F34E9B /* get.constr.type.Rd */,
				DA7F16F90E01144E00F34E9B /* solve.lpExtPtr.Rd */,
				DA7F16FA0E01144E00F34E9B /* get.rhs.Rd */,
				DA7F16FB0E01144E00F34E9B /* add.constraint.Rd */,
				DA7F16FC0E01144E00F34E9B /* resize.lp.Rd */,
				DA7F16FD0E01144E00F34E9B /* set.mat.Rd */,
				DA7F16FE0E01144E00F34E9B /* delete.lp.Rd */,
				DA7F16FF0E01144E00F34E9B /* get.sensitivity.obj.Rd */,
				DA7F17000E01144E00F34E9B /* set.constr.type.Rd */,
				DA7F17010E01144E00F34E9B /* lp.control.options.Rd */,
				DA7F17020E01144E00F34E9B /* delete.constraint.Rd */,
				DA7F17030E01144E00F34E9B /* read.lp.Rd */,
				DA7F17040E01144E00F34E9B /* guess.basis.Rd */,
				DA7F17050E01144E00F34E9B /* get.variables.Rd */,
				DA7F17060E01144E00F34E9B /* set.rhs.Rd */,
				DA7F17070E01144E00F34E9B /* get.objective.Rd */,
				DA7F17080E01144E00F34E9B /* set.objfn.Rd */,
				DA7F17090E01144E00F34E9B /* dim.lpExtPtr.Rd */,
				DA7F170A0E01144E00F34E9B /* name.lp.Rd */,
				DA7F170B0E01144E00F34E9B /* select.solution.Rd */,
				DA7F170C0E01144E00F34E9B /* get.branch.mode.Rd */,
				DA7F170D0E01144E00F34E9B /* get.type.Rd */,
				DA7F170E0E01144E00F34E9B /* set.branch.weights.Rd */,
				DA7F170F0E01144E00F34E9B /* get.constr.value.Rd */,
				DA7F17100E01144E00F34E9B /* set.row.Rd */,
				DA7F17110E01144E00F34E9B /* get.total.iter.Rd */,
				DA7F17120E01144E00F34E9B /* get.sensitivity.rhs.Rd */,
				DA7F17130E01144E00F34E9B /* get.kind.Rd */,
				DA7F17140E01144E00F34E9B /* get.total.nodes.Rd */,
				DA7F17150E01144E00F34E9B /* get.bounds.Rd */,
				DA7F17160E01144E00F34E9B /* set.branch.mode.Rd */,
			);
			path = man;
			sourceTree = SOURCE_ROOT;
		};
		DA7F17170E01144E00F34E9B /* R */ = {
			isa = PBXGroup;
			children = (
				DA7F17180E01144E00F34E9B /* row.add.mode.q */,
				DA7F17190E01144E00F34E9B /* set.constr.type.q */,
				DA7F171A0E01144E00F34E9B /* get.constraints.q */,
				DA7F171B0E01144E00F34E9B /* guess.basis.q */,
				DA7F171C0E01144E00F34E9B /* get.variables.q */,
				DA7F171D0E01144E00F34E9B /* set.rhs.q */,
				DA7F171E0E01144E00F34E9B /* make.lp.q */,
				DA7F171F0E01144E00F34E9B /* set.column.q */,
				DA7F17200E01144F00F34E9B /* get.objective.q */,
				DA7F17210E01144F00F34E9B /* set.objfn.q */,
				DA7F17220E01144F00F34E9B /* dim.lpExtPtr.q */,
				DA7F17230E01144F00F34E9B /* name.lp.q */,
				DA7F17240E01144F00F34E9B /* select.solution.q */,
				DA7F17250E01144F00F34E9B /* add.SOS.q */,
				DA7F17260E01144F00F34E9B /* set.basis.q */,
				DA7F17270E01144F00F34E9B /* get.branch.mode.q */,
				DA7F17280E01144F00F34E9B /* get.mat.q */,
				DA7F17290E01144F00F34E9B /* set.branch.weights.q */,
				DA7F172A0E01144F00F34E9B /* get.solutioncount.q */,
				DA7F172B0E01144F00F34E9B /* get.total.nodes.q */,
				DA7F172C0E01144F00F34E9B /* get.bounds.q */,
				DA7F172D0E01144F00F34E9B /* set.branch.mode.q */,
				DA7F172E0E01144F00F34E9B /* add.constraint.q */,
				DA7F172F0E01144F00F34E9B /* resize.lp.q */,
				DA7F17300E01144F00F34E9B /* set.mat.q */,
				DA7F17310E01144F00F34E9B /* get.sensitivity.objex.q */,
				DA7F17320E01144F00F34E9B /* dimnames.lpExtPtr.q */,
				DA7F17330E01144F00F34E9B /* get.dual.solution.q */,
				DA7F17340E01144F00F34E9B /* get.sensitivity.obj.q */,
				DA7F17350E01144F00F34E9B /* add.column.q */,
				DA7F17360E01144F00F34E9B /* set.bounds.q */,
				DA7F17370E01144F00F34E9B /* delete.constraint.q */,
				DA7F17380E01144F00F34E9B /* read.lp.q */,
				DA7F17390E01144F00F34E9B /* solve.q */,
				DA7F173A0E01144F00F34E9B /* lp.control.q */,
				DA7F173B0E01144F00F34E9B /* delete.column.q */,
				DA7F173C0E01144F00F34E9B /* get.type.q */,
				DA7F173D0E01144F00F34E9B /* get.constr.value.q */,
				DA7F173E0E01145000F34E9B /* set.row.q */,
				DA7F173F0E01145000F34E9B /* get.total.iter.q */,
				DA7F17400E01145000F34E9B /* get.sensitivity.rhs.q */,
				DA7F17410E01145000F34E9B /* get.kind.q */,
				DA7F17420E01145000F34E9B /* library.q */,
				DA7F17430E01145000F34E9B /* write.lp.q */,
				DA7F17440E01145000F34E9B /* get.constr.type.q */,
				DA7F17450E01145000F34E9B /* get.rhs.q */,
				DA7F17460E01145000F34E9B /* get.column.q */,
				DA7F17470E01145000F34E9B /* set.semicont.q */,
				DA7F17480E01145000F34E9B /* set.type.q */,
				DA7F17490E01145000F34E9B /* delete.lp.q */,
				DA7F174A0E01145000F34E9B /* get.primal.solution.q */,
				DA7F174B0E01145000F34E9B /* print.lpExtPtr.q */,
				DA7F174C0E01145000F34E9B /* set.constr.value.q */,
				DA7F174D0E01145000F34E9B /* get.basis.q */,
			);
			path = R;
			sourceTree = SOURCE_ROOT;
		};
		DA7F174E0E01145000F34E9B /* src */ = {
			isa = PBXGroup;
			children = (
				DA7F17930E01145000F34E9B /* Makevars */,
				DA7F175B0E01145000F34E9B /* Makevars.win */,
				DA7F17850E01145000F34E9B /* RlpSolve.c */,
				DA7F17880E01145000F34E9B /* RlpSolve.h */,
				DA7F17900E01145000F34E9B /* RlpSolveLink.c */,
				DA7F17940E01145000F34E9B /* RlpSolveLink.h */,
				DA7F179C0E0114F700F34E9B /* lp_solve */,
			);
			path = src;
			sourceTree = SOURCE_ROOT;
		};
		DA7F17980E01145000F34E9B /* tests */ = {
			isa = PBXGroup;
			children = (
				DA7F17990E01145000F34E9B /* testmodel.lp */,
				DA7F179A0E01145000F34E9B /* test.q */,
				DA7F179B0E01145000F34E9B /* testmodel.mps */,
			);
			path = tests;
			sourceTree = SOURCE_ROOT;
		};
		DA7F179C0E0114F700F34E9B /* lp_solve */ = {
			isa = PBXGroup;
			children = (
				DA7F174F0E01145000F34E9B /* lp_LUSOL.h */,
				DA7F17500E01145000F34E9B /* colamd.c */,
				DA7F17510E01145000F34E9B /* lp_lib.c */,
				DA7F17520E01145000F34E9B /* colamd.h */,
				DA7F17530E01145000F34E9B /* lp_lib.h */,
				DA7F17540E01145000F34E9B /* lp_BFP.h */,
				DA7F17550E01145000F34E9B /* lp_MDO.c */,
				DA7F17560E01145000F34E9B /* lusol1.CFILE */,
				DA7F17570E01145000F34E9B /* ini.c */,
				DA7F17580E01145000F34E9B /* lp_MDO.h */,
				DA7F17590E01145000F34E9B /* lp_scale.c */,
				DA7F175A0E01145000F34E9B /* ini.h */,
				DA7F175C0E01145000F34E9B /* lp_BFP2.CFILE */,
				DA7F175D0E01145000F34E9B /* lusol6a.CFILE */,
				DA7F175E0E01145000F34E9B /* lp_scale.h */,
				DA7F175F0E01145000F34E9B /* lp_MPS.c */,
				DA7F17600E01145000F34E9B /* lp_matrix.c */,
				DA7F17610E01145000F34E9B /* lp_MPS.h */,
				DA7F17620E01145000F34E9B /* lp_types.h */,
				DA7F17630E01145000F34E9B /* lp_matrix.h */,
				DA7F17640E01145000F34E9B /* lusol6u.CFILE */,
				DA7F17650E01145000F34E9B /* lp_params.c */,
				DA7F17660E01145000F34E9B /* lusol6l0.CFILE */,
				DA7F17670E01145000F34E9B /* lp_rlp.c */,
				DA7F17680E01145000F34E9B /* lp_presolve.c */,
				DA7F17690E01145000F34E9B /* lp_wlp.c */,
				DA7F176A0E01145000F34E9B /* lp_rlp.h */,
				DA7F176B0E01145000F34E9B /* lusol.c */,
				DA7F176C0E01145000F34E9B /* lp_presolve.h */,
				DA7F176D0E01145000F34E9B /* lp_SOS.c */,
				DA7F176E0E01145000F34E9B /* mmio.c */,
				DA7F176F0E01145000F34E9B /* lp_wlp.h */,
				DA7F17700E01145000F34E9B /* lusol.h */,
				DA7F17710E01145000F34E9B /* lp_SOS.h */,
				DA7F17720E01145000F34E9B /* mmio.h */,
				DA7F17730E01145000F34E9B /* yacc_read.c */,
				DA7F17740E01145000F34E9B /* yacc_read.h */,
				DA7F17750E01145000F34E9B /* lusol2.CFILE */,
				DA7F17760E01145000F34E9B /* lp_BFP1.CFILE */,
				DA7F17770E01145000F34E9B /* lp_mipbb.c */,
				DA7F17780E01145000F34E9B /* lusol8a.CFILE */,
				DA7F17790E01145000F34E9B /* myblas.c */,
				DA7F177A0E01145000F34E9B /* lpkit.h */,
				DA7F177B0E01145000F34E9B /* lp_mipbb.h */,
				DA7F177C0E01145000F34E9B /* lp_utils.c */,
				DA7F177D0E01145000F34E9B /* lp_crash.c */,
				DA7F177E0E01145000F34E9B /* myblas.h */,
				DA7F177F0E01145000F34E9B /* lp_price.c */,
				DA7F17800E01145000F34E9B /* lp_utils.h */,
				DA7F17810E01145000F34E9B /* lp_crash.h */,
				DA7F17820E01145000F34E9B /* lp_price.h */,
				DA7F17830E01145000F34E9B /* lp_pricePSE.c */,
				DA7F17840E01145000F34E9B /* lp_report.c */,
				DA7F17860E01145000F34E9B /* lp_pricePSE.h */,
				DA7F17870E01145000F34E9B /* lp_report.h */,
				DA7F17890E01145000F34E9B /* lp_simplex.c */,
				DA7F178A0E01145000F34E9B /* lp_Hash.c */,
				DA7F178B0E01145000F34E9B /* commonlib.c */,
				DA7F178C0E01145000F34E9B /* lp_simplex.h */,
				DA7F178D0E01145000F34E9B /* fortify.c */,
				DA7F178E0E01145000F34E9B /* lp_Hash.h */,
				DA7F178F0E01145000F34E9B /* commonlib.h */,
				DA7F17910E01145000F34E9B /* lusol7a.CFILE */,
				DA7F17920E01145000F34E9B /* fortify.h */,
				DA7F17950E01145000F34E9B /* lp_LUSOL.c */,
			);
			name = lp_solve;
			sourceTree = "<group>";
		};
		DA7F17A00E0115B300F34E9B /* website */ = {
			isa = PBXGroup;
			children = (
				DA7F17A10E0115C900F34E9B /* Rpackage.html */,
			);
			name = website;
			sourceTree = "<group>";
		};
/* End PBXGroup section */

/* Begin PBXProject section */
		DA7F16D00E01140F00F34E9B /* Project object */ = {
			isa = PBXProject;
			buildConfigurationList = DA7F16D30E01140F00F34E9B /* Build configuration list for PBXProject "lpSolveAPI" */;
			compatibilityVersion = "Xcode 2.4";
			hasScannedForEncodings = 0;
			mainGroup = DA7F16CE0E01140F00F34E9B;
			projectDirPath = "";
			projectRoot = "";
			targets = (
			);
		};
/* End PBXProject section */

/* Begin XCBuildConfiguration section */
		DA7F16D10E01140F00F34E9B /* Debug */ = {
			isa = XCBuildConfiguration;
			buildSettings = {
				COPY_PHASE_STRIP = NO;
			};
			name = Debug;
		};
		DA7F16D20E01140F00F34E9B /* Release */ = {
			isa = XCBuildConfiguration;
			buildSettings = {
				COPY_PHASE_STRIP = YES;
			};
			name = Release;
		};
/* End XCBuildConfiguration section */

/* Begin XCConfigurationList section */
		DA7F16D30E01140F00F34E9B /* Build configuration list for PBXProject "lpSolveAPI" */ = {
			isa = XCConfigurationList;
			buildConfigurations = (
				DA7F16D10E01140F00F34E9B /* Debug */,
				DA7F16D20E01140F00F34E9B /* Release */,
			);
			defaultConfigurationIsVisible = 0;
			defaultConfigurationName = Release;
		};
/* End XCConfigurationList section */
	};
	rootObject = DA7F16D00E01140F00F34E9B /* Project object */;
}
