// !$*UTF8*$!
{
	archiveVersion = 1;
	classes = {
	};
	objectVersion = 42;
	objects = {

/* Begin PBXFileReference section */
		0E221D3613030B3500322C09 /* lpSolveAPI.R */ = {isa = PBXFileReference; fileEncoding = 4; lastKnownFileType = sourcecode.rez; name = lpSolveAPI.R; path = tests/lpSolveAPI.R; sourceTree = SOURCE_ROOT; };
		0E36ACD610655B7C0070A8A0 /* lp_bit.h */ = {isa = PBXFileReference; fileEncoding = 30; lastKnownFileType = sourcecode.c.h; name = lp_bit.h; path = inst/include/lp_bit.h; sourceTree = SOURCE_ROOT; };
		0EA670410E0D33430075A859 /* plot.lpExtPtr.Rd */ = {isa = PBXFileReference; fileEncoding = 4; lastKnownFileType = text; name = plot.lpExtPtr.Rd; path = man/plot.lpExtPtr.Rd; sourceTree = SOURCE_ROOT; };
		0EA670440E0D35850075A859 /* lpSolveAPI.Rnw */ = {isa = PBXFileReference; fileEncoding = 4; lastKnownFileType = text; name = lpSolveAPI.Rnw; path = inst/doc/lpSolveAPI.Rnw; sourceTree = SOURCE_ROOT; };
		0EA670620E0D524C0075A859 /* add.column.q */ = {isa = PBXFileReference; fileEncoding = 4; lastKnownFileType = text; name = add.column.q; path = R/add.column.q; sourceTree = SOURCE_ROOT; };
		0EA670630E0D524C0075A859 /* add.constraint.q */ = {isa = PBXFileReference; fileEncoding = 4; lastKnownFileType = text; name = add.constraint.q; path = R/add.constraint.q; sourceTree = SOURCE_ROOT; };
		0EA670640E0D524C0075A859 /* add.SOS.q */ = {isa = PBXFileReference; fileEncoding = 4; lastKnownFileType = text; name = add.SOS.q; path = R/add.SOS.q; sourceTree = SOURCE_ROOT; };
		0EA670650E0D524C0075A859 /* delete.column.q */ = {isa = PBXFileReference; fileEncoding = 4; lastKnownFileType = text; name = delete.column.q; path = R/delete.column.q; sourceTree = SOURCE_ROOT; };
		0EA670660E0D524C0075A859 /* delete.constraint.q */ = {isa = PBXFileReference; fileEncoding = 4; lastKnownFileType = text; name = delete.constraint.q; path = R/delete.constraint.q; sourceTree = SOURCE_ROOT; };
		0EA670670E0D524C0075A859 /* delete.lp.q */ = {isa = PBXFileReference; fileEncoding = 4; lastKnownFileType = text; name = delete.lp.q; path = R/delete.lp.q; sourceTree = SOURCE_ROOT; };
		0EA670680E0D524C0075A859 /* dim.lpExtPtr.q */ = {isa = PBXFileReference; fileEncoding = 4; lastKnownFileType = text; name = dim.lpExtPtr.q; path = R/dim.lpExtPtr.q; sourceTree = SOURCE_ROOT; };
		0EA670690E0D524C0075A859 /* dimnames.lpExtPtr.q */ = {isa = PBXFileReference; fileEncoding = 4; lastKnownFileType = text; name = dimnames.lpExtPtr.q; path = R/dimnames.lpExtPtr.q; sourceTree = SOURCE_ROOT; };
		0EA6706A0E0D524C0075A859 /* get.basis.q */ = {isa = PBXFileReference; fileEncoding = 4; lastKnownFileType = text; name = get.basis.q; path = R/get.basis.q; sourceTree = SOURCE_ROOT; };
		0EA6706B0E0D524C0075A859 /* get.bounds.q */ = {isa = PBXFileReference; fileEncoding = 4; lastKnownFileType = text; name = get.bounds.q; path = R/get.bounds.q; sourceTree = SOURCE_ROOT; };
		0EA6706C0E0D524C0075A859 /* get.branch.mode.q */ = {isa = PBXFileReference; fileEncoding = 4; lastKnownFileType = text; name = get.branch.mode.q; path = R/get.branch.mode.q; sourceTree = SOURCE_ROOT; };
		0EA6706D0E0D524C0075A859 /* get.column.q */ = {isa = PBXFileReference; fileEncoding = 4; lastKnownFileType = text; name = get.column.q; path = R/get.column.q; sourceTree = SOURCE_ROOT; };
		0EA6706E0E0D524C0075A859 /* get.constr.type.q */ = {isa = PBXFileReference; fileEncoding = 4; lastKnownFileType = text; name = get.constr.type.q; path = R/get.constr.type.q; sourceTree = SOURCE_ROOT; };
		0EA6706F0E0D524C0075A859 /* get.constr.value.q */ = {isa = PBXFileReference; fileEncoding = 4; lastKnownFileType = text; name = get.constr.value.q; path = R/get.constr.value.q; sourceTree = SOURCE_ROOT; };
		0EA670700E0D524C0075A859 /* get.constraints.q */ = {isa = PBXFileReference; fileEncoding = 4; lastKnownFileType = text; name = get.constraints.q; path = R/get.constraints.q; sourceTree = SOURCE_ROOT; };
		0EA670710E0D524C0075A859 /* get.dual.solution.q */ = {isa = PBXFileReference; fileEncoding = 4; lastKnownFileType = text; name = get.dual.solution.q; path = R/get.dual.solution.q; sourceTree = SOURCE_ROOT; };
		0EA670720E0D524C0075A859 /* get.kind.q */ = {isa = PBXFileReference; fileEncoding = 4; lastKnownFileType = text; name = get.kind.q; path = R/get.kind.q; sourceTree = SOURCE_ROOT; };
		0EA670730E0D524C0075A859 /* get.mat.q */ = {isa = PBXFileReference; fileEncoding = 4; lastKnownFileType = text; name = get.mat.q; path = R/get.mat.q; sourceTree = SOURCE_ROOT; };
		0EA670740E0D524C0075A859 /* get.objective.q */ = {isa = PBXFileReference; fileEncoding = 4; lastKnownFileType = text; name = get.objective.q; path = R/get.objective.q; sourceTree = SOURCE_ROOT; };
		0EA670750E0D524C0075A859 /* get.primal.solution.q */ = {isa = PBXFileReference; fileEncoding = 4; lastKnownFileType = text; name = get.primal.solution.q; path = R/get.primal.solution.q; sourceTree = SOURCE_ROOT; };
		0EA670760E0D524C0075A859 /* get.rhs.q */ = {isa = PBXFileReference; fileEncoding = 4; lastKnownFileType = text; name = get.rhs.q; path = R/get.rhs.q; sourceTree = SOURCE_ROOT; };
		0EA670770E0D524C0075A859 /* get.sensitivity.obj.q */ = {isa = PBXFileReference; fileEncoding = 4; lastKnownFileType = text; name = get.sensitivity.obj.q; path = R/get.sensitivity.obj.q; sourceTree = SOURCE_ROOT; };
		0EA670780E0D524C0075A859 /* get.sensitivity.objex.q */ = {isa = PBXFileReference; fileEncoding = 4; lastKnownFileType = text; name = get.sensitivity.objex.q; path = R/get.sensitivity.objex.q; sourceTree = SOURCE_ROOT; };
		0EA670790E0D524C0075A859 /* get.sensitivity.rhs.q */ = {isa = PBXFileReference; fileEncoding = 4; lastKnownFileType = text; name = get.sensitivity.rhs.q; path = R/get.sensitivity.rhs.q; sourceTree = SOURCE_ROOT; };
		0EA6707A0E0D524C0075A859 /* get.solutioncount.q */ = {isa = PBXFileReference; fileEncoding = 4; lastKnownFileType = text; name = get.solutioncount.q; path = R/get.solutioncount.q; sourceTree = SOURCE_ROOT; };
		0EA6707B0E0D524C0075A859 /* get.total.iter.q */ = {isa = PBXFileReference; fileEncoding = 4; lastKnownFileType = text; name = get.total.iter.q; path = R/get.total.iter.q; sourceTree = SOURCE_ROOT; };
		0EA6707C0E0D524C0075A859 /* get.total.nodes.q */ = {isa = PBXFileReference; fileEncoding = 4; lastKnownFileType = text; name = get.total.nodes.q; path = R/get.total.nodes.q; sourceTree = SOURCE_ROOT; };
		0EA6707D0E0D524C0075A859 /* get.type.q */ = {isa = PBXFileReference; fileEncoding = 4; lastKnownFileType = text; name = get.type.q; path = R/get.type.q; sourceTree = SOURCE_ROOT; };
		0EA6707E0E0D524C0075A859 /* get.variables.q */ = {isa = PBXFileReference; fileEncoding = 4; lastKnownFileType = text; name = get.variables.q; path = R/get.variables.q; sourceTree = SOURCE_ROOT; };
		0EA6707F0E0D524C0075A859 /* guess.basis.q */ = {isa = PBXFileReference; fileEncoding = 4; lastKnownFileType = text; name = guess.basis.q; path = R/guess.basis.q; sourceTree = SOURCE_ROOT; };
		0EA670800E0D524D0075A859 /* library.q */ = {isa = PBXFileReference; fileEncoding = 4; lastKnownFileType = text; name = library.q; path = R/library.q; sourceTree = SOURCE_ROOT; };
		0EA670810E0D524D0075A859 /* lp.control.q */ = {isa = PBXFileReference; fileEncoding = 4; lastKnownFileType = text; name = lp.control.q; path = R/lp.control.q; sourceTree = SOURCE_ROOT; };
		0EA670820E0D524D0075A859 /* make.lp.q */ = {isa = PBXFileReference; fileEncoding = 4; lastKnownFileType = text; name = make.lp.q; path = R/make.lp.q; sourceTree = SOURCE_ROOT; };
		0EA670830E0D524D0075A859 /* name.lp.q */ = {isa = PBXFileReference; fileEncoding = 4; lastKnownFileType = text; name = name.lp.q; path = R/name.lp.q; sourceTree = SOURCE_ROOT; };
		0EA670840E0D524D0075A859 /* plot.lpExtPtr.q */ = {isa = PBXFileReference; fileEncoding = 4; lastKnownFileType = text; name = plot.lpExtPtr.q; path = R/plot.lpExtPtr.q; sourceTree = SOURCE_ROOT; };
		0EA670850E0D524D0075A859 /* print.lpExtPtr.q */ = {isa = PBXFileReference; fileEncoding = 4; lastKnownFileType = text; name = print.lpExtPtr.q; path = R/print.lpExtPtr.q; sourceTree = SOURCE_ROOT; };
		0EA670860E0D524D0075A859 /* read.lp.q */ = {isa = PBXFileReference; fileEncoding = 4; lastKnownFileType = text; name = read.lp.q; path = R/read.lp.q; sourceTree = SOURCE_ROOT; };
		0EA670870E0D524D0075A859 /* resize.lp.q */ = {isa = PBXFileReference; fileEncoding = 4; lastKnownFileType = text; name = resize.lp.q; path = R/resize.lp.q; sourceTree = SOURCE_ROOT; };
		0EA670880E0D524D0075A859 /* row.add.mode.q */ = {isa = PBXFileReference; fileEncoding = 4; lastKnownFileType = text; name = row.add.mode.q; path = R/row.add.mode.q; sourceTree = SOURCE_ROOT; };
		0EA670890E0D524D0075A859 /* select.solution.q */ = {isa = PBXFileReference; fileEncoding = 4; lastKnownFileType = text; name = select.solution.q; path = R/select.solution.q; sourceTree = SOURCE_ROOT; };
		0EA6708A0E0D524D0075A859 /* set.basis.q */ = {isa = PBXFileReference; fileEncoding = 4; lastKnownFileType = text; name = set.basis.q; path = R/set.basis.q; sourceTree = SOURCE_ROOT; };
		0EA6708B0E0D524D0075A859 /* set.bounds.q */ = {isa = PBXFileReference; fileEncoding = 4; lastKnownFileType = text; name = set.bounds.q; path = R/set.bounds.q; sourceTree = SOURCE_ROOT; };
		0EA6708C0E0D524D0075A859 /* set.branch.mode.q */ = {isa = PBXFileReference; fileEncoding = 4; lastKnownFileType = text; name = set.branch.mode.q; path = R/set.branch.mode.q; sourceTree = SOURCE_ROOT; };
		0EA6708D0E0D524D0075A859 /* set.branch.weights.q */ = {isa = PBXFileReference; fileEncoding = 4; lastKnownFileType = text; name = set.branch.weights.q; path = R/set.branch.weights.q; sourceTree = SOURCE_ROOT; };
		0EA6708E0E0D524D0075A859 /* set.column.q */ = {isa = PBXFileReference; fileEncoding = 4; lastKnownFileType = text; name = set.column.q; path = R/set.column.q; sourceTree = SOURCE_ROOT; };
		0EA6708F0E0D524D0075A859 /* set.constr.type.q */ = {isa = PBXFileReference; fileEncoding = 4; lastKnownFileType = text; name = set.constr.type.q; path = R/set.constr.type.q; sourceTree = SOURCE_ROOT; };
		0EA670900E0D524D0075A859 /* set.constr.value.q */ = {isa = PBXFileReference; fileEncoding = 4; lastKnownFileType = text; name = set.constr.value.q; path = R/set.constr.value.q; sourceTree = SOURCE_ROOT; };
		0EA670910E0D524D0075A859 /* set.mat.q */ = {isa = PBXFileReference; fileEncoding = 4; lastKnownFileType = text; name = set.mat.q; path = R/set.mat.q; sourceTree = SOURCE_ROOT; };
		0EA670920E0D524D0075A859 /* set.objfn.q */ = {isa = PBXFileReference; fileEncoding = 4; lastKnownFileType = text; name = set.objfn.q; path = R/set.objfn.q; sourceTree = SOURCE_ROOT; };
		0EA670930E0D524D0075A859 /* set.rhs.q */ = {isa = PBXFileReference; fileEncoding = 4; lastKnownFileType = text; name = set.rhs.q; path = R/set.rhs.q; sourceTree = SOURCE_ROOT; };
		0EA670940E0D524D0075A859 /* set.row.q */ = {isa = PBXFileReference; fileEncoding = 4; lastKnownFileType = text; name = set.row.q; path = R/set.row.q; sourceTree = SOURCE_ROOT; };
		0EA670950E0D524D0075A859 /* set.semicont.q */ = {isa = PBXFileReference; fileEncoding = 4; lastKnownFileType = text; name = set.semicont.q; path = R/set.semicont.q; sourceTree = SOURCE_ROOT; };
		0EA670960E0D524D0075A859 /* set.type.q */ = {isa = PBXFileReference; fileEncoding = 4; lastKnownFileType = text; name = set.type.q; path = R/set.type.q; sourceTree = SOURCE_ROOT; };
		0EA670970E0D524D0075A859 /* solve.q */ = {isa = PBXFileReference; fileEncoding = 4; lastKnownFileType = text; name = solve.q; path = R/solve.q; sourceTree = SOURCE_ROOT; };
		0EA670980E0D524D0075A859 /* write.lp.q */ = {isa = PBXFileReference; fileEncoding = 4; lastKnownFileType = text; name = write.lp.q; path = R/write.lp.q; sourceTree = SOURCE_ROOT; };
		0EB09AF7130176A500052750 /* absolute1.lp */ = {isa = PBXFileReference; fileEncoding = 4; lastKnownFileType = sourcecode.lex; name = absolute1.lp; path = inst/tests/absolute1.lp; sourceTree = SOURCE_ROOT; };
		0EB09AF8130176A500052750 /* binary1.lp */ = {isa = PBXFileReference; fileEncoding = 4; lastKnownFileType = sourcecode.lex; name = binary1.lp; path = inst/tests/binary1.lp; sourceTree = SOURCE_ROOT; };
		0EB09AF9130176A500052750 /* free1.lp */ = {isa = PBXFileReference; fileEncoding = 4; lastKnownFileType = sourcecode.lex; name = free1.lp; path = inst/tests/free1.lp; sourceTree = SOURCE_ROOT; };
		0EB09AFA130176A500052750 /* free1.mps */ = {isa = PBXFileReference; fileEncoding = 4; lastKnownFileType = text; name = free1.mps; path = inst/tests/free1.mps; sourceTree = SOURCE_ROOT; };
		0EB09AFB130176A500052750 /* integer1.lp */ = {isa = PBXFileReference; fileEncoding = 4; lastKnownFileType = sourcecode.lex; name = integer1.lp; path = inst/tests/integer1.lp; sourceTree = SOURCE_ROOT; };
		0EB09AFC130176A500052750 /* integer1.mps */ = {isa = PBXFileReference; fileEncoding = 4; lastKnownFileType = text; name = integer1.mps; path = inst/tests/integer1.mps; sourceTree = SOURCE_ROOT; };
		0EB09AFD130176A500052750 /* semi-continuous1.lp */ = {isa = PBXFileReference; fileEncoding = 4; lastKnownFileType = sourcecode.lex; name = "semi-continuous1.lp"; path = "inst/tests/semi-continuous1.lp"; sourceTree = SOURCE_ROOT; };
		0EB09AFE130176A500052750 /* semi-continuous1.mps */ = {isa = PBXFileReference; fileEncoding = 4; lastKnownFileType = text; name = "semi-continuous1.mps"; path = "inst/tests/semi-continuous1.mps"; sourceTree = SOURCE_ROOT; };
		0EB09AFF130176A500052750 /* semi-continuous2.lp */ = {isa = PBXFileReference; fileEncoding = 4; lastKnownFileType = sourcecode.lex; name = "semi-continuous2.lp"; path = "inst/tests/semi-continuous2.lp"; sourceTree = SOURCE_ROOT; };
		0EB09B00130176A500052750 /* semi-continuous3.lp */ = {isa = PBXFileReference; fileEncoding = 4; lastKnownFileType = sourcecode.lex; name = "semi-continuous3.lp"; path = "inst/tests/semi-continuous3.lp"; sourceTree = SOURCE_ROOT; };
		0EB09B01130176A500052750 /* sos1.lp */ = {isa = PBXFileReference; fileEncoding = 4; lastKnownFileType = sourcecode.lex; name = sos1.lp; path = inst/tests/sos1.lp; sourceTree = SOURCE_ROOT; };
		0EB09B02130176A500052750 /* sos1.mps */ = {isa = PBXFileReference; fileEncoding = 4; lastKnownFileType = text; name = sos1.mps; path = inst/tests/sos1.mps; sourceTree = SOURCE_ROOT; };
		0EB09B03130176A500052750 /* sos2.lp */ = {isa = PBXFileReference; fileEncoding = 4; lastKnownFileType = sourcecode.lex; name = sos2.lp; path = inst/tests/sos2.lp; sourceTree = SOURCE_ROOT; };
		0EB09B04130176A500052750 /* sos2.mps */ = {isa = PBXFileReference; fileEncoding = 4; lastKnownFileType = text; name = sos2.mps; path = inst/tests/sos2.mps; sourceTree = SOURCE_ROOT; };
		0EB09B05130176A500052750 /* sos3.lp */ = {isa = PBXFileReference; fileEncoding = 4; lastKnownFileType = sourcecode.lex; name = sos3.lp; path = inst/tests/sos3.lp; sourceTree = SOURCE_ROOT; };
		0EB09B06130176A500052750 /* sos3.mps */ = {isa = PBXFileReference; fileEncoding = 4; lastKnownFileType = text; name = sos3.mps; path = inst/tests/sos3.mps; sourceTree = SOURCE_ROOT; };
		0EB09B07130176A500052750 /* sos4.lp */ = {isa = PBXFileReference; fileEncoding = 4; lastKnownFileType = sourcecode.lex; name = sos4.lp; path = inst/tests/sos4.lp; sourceTree = SOURCE_ROOT; };
		0EB09B08130176A500052750 /* sos4.mps */ = {isa = PBXFileReference; fileEncoding = 4; lastKnownFileType = text; name = sos4.mps; path = inst/tests/sos4.mps; sourceTree = SOURCE_ROOT; };
		0EB09B09130176A500052750 /* sos5.lp */ = {isa = PBXFileReference; fileEncoding = 4; lastKnownFileType = sourcecode.lex; name = sos5.lp; path = inst/tests/sos5.lp; sourceTree = SOURCE_ROOT; };
		0EB09B0A130176A500052750 /* sos5.mps */ = {isa = PBXFileReference; fileEncoding = 4; lastKnownFileType = text; name = sos5.mps; path = inst/tests/sos5.mps; sourceTree = SOURCE_ROOT; };
		DA3A89B60E0136BD003FE8A4 /* lp_BFP1.c */ = {isa = PBXFileReference; fileEncoding = 4; lastKnownFileType = sourcecode.c.c; name = lp_BFP1.c; path = src/lp_BFP1.c; sourceTree = SOURCE_ROOT; };
		DA3A89B70E0136BD003FE8A4 /* lp_BFP2.c */ = {isa = PBXFileReference; fileEncoding = 4; lastKnownFileType = sourcecode.c.c; name = lp_BFP2.c; path = src/lp_BFP2.c; sourceTree = SOURCE_ROOT; };
		DA3A89B80E0136BD003FE8A4 /* lusol1.c */ = {isa = PBXFileReference; fileEncoding = 4; lastKnownFileType = sourcecode.c.c; name = lusol1.c; path = src/lusol1.c; sourceTree = SOURCE_ROOT; };
		DA3A89B90E0136BD003FE8A4 /* lusol2.c */ = {isa = PBXFileReference; fileEncoding = 4; lastKnownFileType = sourcecode.c.c; name = lusol2.c; path = src/lusol2.c; sourceTree = SOURCE_ROOT; };
		DA3A89BA0E0136BD003FE8A4 /* lusol6a.c */ = {isa = PBXFileReference; fileEncoding = 4; lastKnownFileType = sourcecode.c.c; name = lusol6a.c; path = src/lusol6a.c; sourceTree = SOURCE_ROOT; };
		DA3A89BB0E0136BD003FE8A4 /* lusol6l0.c */ = {isa = PBXFileReference; fileEncoding = 4; lastKnownFileType = sourcecode.c.c; name = lusol6l0.c; path = src/lusol6l0.c; sourceTree = SOURCE_ROOT; };
		DA3A89BC0E0136BD003FE8A4 /* lusol6u.c */ = {isa = PBXFileReference; fileEncoding = 4; lastKnownFileType = sourcecode.c.c; name = lusol6u.c; path = src/lusol6u.c; sourceTree = SOURCE_ROOT; };
		DA3A89BD0E0136BD003FE8A4 /* lusol7a.c */ = {isa = PBXFileReference; fileEncoding = 4; lastKnownFileType = sourcecode.c.c; name = lusol7a.c; path = src/lusol7a.c; sourceTree = SOURCE_ROOT; };
		DA3A89BE0E0136BD003FE8A4 /* lusol8a.c */ = {isa = PBXFileReference; fileEncoding = 4; lastKnownFileType = sourcecode.c.c; name = lusol8a.c; path = src/lusol8a.c; sourceTree = SOURCE_ROOT; };
		DA7F16DC0E01144D00F34E9B /* DESCRIPTION */ = {isa = PBXFileReference; fileEncoding = 4; lastKnownFileType = text; path = DESCRIPTION; sourceTree = SOURCE_ROOT; };
		DA7F16E00E01144D00F34E9B /* get.column.Rd */ = {isa = PBXFileReference; fileEncoding = 4; lastKnownFileType = text; name = get.column.Rd; path = man/get.column.Rd; sourceTree = SOURCE_ROOT; };
		DA7F16E10E01144D00F34E9B /* set.semicont.Rd */ = {isa = PBXFileReference; fileEncoding = 4; lastKnownFileType = text; name = set.semicont.Rd; path = man/set.semicont.Rd; sourceTree = SOURCE_ROOT; };
		DA7F16E20E01144D00F34E9B /* set.type.Rd */ = {isa = PBXFileReference; fileEncoding = 4; lastKnownFileType = text; name = set.type.Rd; path = man/set.type.Rd; sourceTree = SOURCE_ROOT; };
		DA7F16E30E01144D00F34E9B /* get.primal.solution.Rd */ = {isa = PBXFileReference; fileEncoding = 4; lastKnownFileType = text; name = get.primal.solution.Rd; path = man/get.primal.solution.Rd; sourceTree = SOURCE_ROOT; };
		DA7F16E40E01144D00F34E9B /* print.lpExtPtr.Rd */ = {isa = PBXFileReference; fileEncoding = 4; lastKnownFileType = text; name = print.lpExtPtr.Rd; path = man/print.lpExtPtr.Rd; sourceTree = SOURCE_ROOT; };
		DA7F16E50E01144D00F34E9B /* set.constr.value.Rd */ = {isa = PBXFileReference; fileEncoding = 4; lastKnownFileType = text; name = set.constr.value.Rd; path = man/set.constr.value.Rd; sourceTree = SOURCE_ROOT; };
		DA7F16E60E01144D00F34E9B /* get.sensitivity.objex.Rd */ = {isa = PBXFileReference; fileEncoding = 4; lastKnownFileType = text; name = get.sensitivity.objex.Rd; path = man/get.sensitivity.objex.Rd; sourceTree = SOURCE_ROOT; };
		DA7F16E70E01144D00F34E9B /* dimnames.lpExtPtr.Rd */ = {isa = PBXFileReference; fileEncoding = 4; lastKnownFileType = text; name = dimnames.lpExtPtr.Rd; path = man/dimnames.lpExtPtr.Rd; sourceTree = SOURCE_ROOT; };
		DA7F16E80E01144D00F34E9B /* get.dual.solution.Rd */ = {isa = PBXFileReference; fileEncoding = 4; lastKnownFileType = text; name = get.dual.solution.Rd; path = man/get.dual.solution.Rd; sourceTree = SOURCE_ROOT; };
		DA7F16E90E01144E00F34E9B /* get.basis.Rd */ = {isa = PBXFileReference; fileEncoding = 4; lastKnownFileType = text; name = get.basis.Rd; path = man/get.basis.Rd; sourceTree = SOURCE_ROOT; };
		DA7F16EA0E01144E00F34E9B /* row.add.mode.Rd */ = {isa = PBXFileReference; fileEncoding = 4; lastKnownFileType = text; name = row.add.mode.Rd; path = man/row.add.mode.Rd; sourceTree = SOURCE_ROOT; };
		DA7F16EB0E01144E00F34E9B /* add.column.Rd */ = {isa = PBXFileReference; fileEncoding = 4; lastKnownFileType = text; name = add.column.Rd; path = man/add.column.Rd; sourceTree = SOURCE_ROOT; };
		DA7F16EC0E01144E00F34E9B /* set.bounds.Rd */ = {isa = PBXFileReference; fileEncoding = 4; lastKnownFileType = text; name = set.bounds.Rd; path = man/set.bounds.Rd; sourceTree = SOURCE_ROOT; };
		DA7F16ED0E01144E00F34E9B /* get.constraints.Rd */ = {isa = PBXFileReference; fileEncoding = 4; lastKnownFileType = text; name = get.constraints.Rd; path = man/get.constraints.Rd; sourceTree = SOURCE_ROOT; };
		DA7F16EE0E01144E00F34E9B /* make.lp.Rd */ = {isa = PBXFileReference; fileEncoding = 4; lastKnownFileType = text; name = make.lp.Rd; path = man/make.lp.Rd; sourceTree = SOURCE_ROOT; };
		DA7F16EF0E01144E00F34E9B /* set.column.Rd */ = {isa = PBXFileReference; fileEncoding = 4; lastKnownFileType = text; name = set.column.Rd; path = man/set.column.Rd; sourceTree = SOURCE_ROOT; };
		DA7F16F00E01144E00F34E9B /* lp.control.Rd */ = {isa = PBXFileReference; fileEncoding = 4; lastKnownFileType = text; name = lp.control.Rd; path = man/lp.control.Rd; sourceTree = SOURCE_ROOT; };
		DA7F16F10E01144E00F34E9B /* undocumented.Rd */ = {isa = PBXFileReference; fileEncoding = 4; lastKnownFileType = text; path = undocumented.Rd; sourceTree = "<group>"; };
		DA7F16F20E01144E00F34E9B /* add.SOS.Rd */ = {isa = PBXFileReference; fileEncoding = 4; lastKnownFileType = text; name = add.SOS.Rd; path = man/add.SOS.Rd; sourceTree = SOURCE_ROOT; };
		DA7F16F30E01144E00F34E9B /* set.basis.Rd */ = {isa = PBXFileReference; fileEncoding = 4; lastKnownFileType = text; name = set.basis.Rd; path = man/set.basis.Rd; sourceTree = SOURCE_ROOT; };
		DA7F16F40E01144E00F34E9B /* delete.column.Rd */ = {isa = PBXFileReference; fileEncoding = 4; lastKnownFileType = text; name = delete.column.Rd; path = man/delete.column.Rd; sourceTree = SOURCE_ROOT; };
		DA7F16F50E01144E00F34E9B /* get.mat.Rd */ = {isa = PBXFileReference; fileEncoding = 4; lastKnownFileType = text; name = get.mat.Rd; path = man/get.mat.Rd; sourceTree = SOURCE_ROOT; };
		DA7F16F60E01144E00F34E9B /* get.solutioncount.Rd */ = {isa = PBXFileReference; fileEncoding = 4; lastKnownFileType = text; name = get.solutioncount.Rd; path = man/get.solutioncount.Rd; sourceTree = SOURCE_ROOT; };
		DA7F16F70E01144E00F34E9B /* write.lp.Rd */ = {isa = PBXFileReference; fileEncoding = 4; lastKnownFileType = text; name = write.lp.Rd; path = man/write.lp.Rd; sourceTree = SOURCE_ROOT; };
		DA7F16F80E01144E00F34E9B /* get.constr.type.Rd */ = {isa = PBXFileReference; fileEncoding = 4; lastKnownFileType = text; name = get.constr.type.Rd; path = man/get.constr.type.Rd; sourceTree = SOURCE_ROOT; };
		DA7F16F90E01144E00F34E9B /* solve.lpExtPtr.Rd */ = {isa = PBXFileReference; fileEncoding = 4; lastKnownFileType = text; name = solve.lpExtPtr.Rd; path = man/solve.lpExtPtr.Rd; sourceTree = SOURCE_ROOT; };
		DA7F16FA0E01144E00F34E9B /* get.rhs.Rd */ = {isa = PBXFileReference; fileEncoding = 4; lastKnownFileType = text; name = get.rhs.Rd; path = man/get.rhs.Rd; sourceTree = SOURCE_ROOT; };
		DA7F16FB0E01144E00F34E9B /* add.constraint.Rd */ = {isa = PBXFileReference; fileEncoding = 4; lastKnownFileType = text; name = add.constraint.Rd; path = man/add.constraint.Rd; sourceTree = SOURCE_ROOT; };
		DA7F16FC0E01144E00F34E9B /* resize.lp.Rd */ = {isa = PBXFileReference; fileEncoding = 4; lastKnownFileType = text; name = resize.lp.Rd; path = man/resize.lp.Rd; sourceTree = SOURCE_ROOT; };
		DA7F16FD0E01144E00F34E9B /* set.mat.Rd */ = {isa = PBXFileReference; fileEncoding = 4; lastKnownFileType = text; name = set.mat.Rd; path = man/set.mat.Rd; sourceTree = SOURCE_ROOT; };
		DA7F16FE0E01144E00F34E9B /* delete.lp.Rd */ = {isa = PBXFileReference; fileEncoding = 4; lastKnownFileType = text; name = delete.lp.Rd; path = man/delete.lp.Rd; sourceTree = SOURCE_ROOT; };
		DA7F16FF0E01144E00F34E9B /* get.sensitivity.obj.Rd */ = {isa = PBXFileReference; fileEncoding = 4; lastKnownFileType = text; name = get.sensitivity.obj.Rd; path = man/get.sensitivity.obj.Rd; sourceTree = SOURCE_ROOT; };
		DA7F17000E01144E00F34E9B /* set.constr.type.Rd */ = {isa = PBXFileReference; fileEncoding = 4; lastKnownFileType = text; name = set.constr.type.Rd; path = man/set.constr.type.Rd; sourceTree = SOURCE_ROOT; };
		DA7F17010E01144E00F34E9B /* lp.control.options.Rd */ = {isa = PBXFileReference; fileEncoding = 4; lastKnownFileType = text; name = lp.control.options.Rd; path = man/lp.control.options.Rd; sourceTree = SOURCE_ROOT; };
		DA7F17020E01144E00F34E9B /* delete.constraint.Rd */ = {isa = PBXFileReference; fileEncoding = 4; lastKnownFileType = text; name = delete.constraint.Rd; path = man/delete.constraint.Rd; sourceTree = SOURCE_ROOT; };
		DA7F17030E01144E00F34E9B /* read.lp.Rd */ = {isa = PBXFileReference; fileEncoding = 4; lastKnownFileType = text; name = read.lp.Rd; path = man/read.lp.Rd; sourceTree = SOURCE_ROOT; };
		DA7F17040E01144E00F34E9B /* guess.basis.Rd */ = {isa = PBXFileReference; fileEncoding = 4; lastKnownFileType = text; name = guess.basis.Rd; path = man/guess.basis.Rd; sourceTree = SOURCE_ROOT; };
		DA7F17050E01144E00F34E9B /* get.variables.Rd */ = {isa = PBXFileReference; fileEncoding = 4; lastKnownFileType = text; name = get.variables.Rd; path = man/get.variables.Rd; sourceTree = SOURCE_ROOT; };
		DA7F17060E01144E00F34E9B /* set.rhs.Rd */ = {isa = PBXFileReference; fileEncoding = 4; lastKnownFileType = text; name = set.rhs.Rd; path = man/set.rhs.Rd; sourceTree = SOURCE_ROOT; };
		DA7F17070E01144E00F34E9B /* get.objective.Rd */ = {isa = PBXFileReference; fileEncoding = 4; lastKnownFileType = text; name = get.objective.Rd; path = man/get.objective.Rd; sourceTree = SOURCE_ROOT; };
		DA7F17080E01144E00F34E9B /* set.objfn.Rd */ = {isa = PBXFileReference; fileEncoding = 4; lastKnownFileType = text; name = set.objfn.Rd; path = man/set.objfn.Rd; sourceTree = SOURCE_ROOT; };
		DA7F17090E01144E00F34E9B /* dim.lpExtPtr.Rd */ = {isa = PBXFileReference; fileEncoding = 4; lastKnownFileType = text; name = dim.lpExtPtr.Rd; path = man/dim.lpExtPtr.Rd; sourceTree = SOURCE_ROOT; };
		DA7F170A0E01144E00F34E9B /* name.lp.Rd */ = {isa = PBXFileReference; fileEncoding = 4; lastKnownFileType = text; name = name.lp.Rd; path = man/name.lp.Rd; sourceTree = SOURCE_ROOT; };
		DA7F170B0E01144E00F34E9B /* select.solution.Rd */ = {isa = PBXFileReference; fileEncoding = 4; lastKnownFileType = text; name = select.solution.Rd; path = man/select.solution.Rd; sourceTree = SOURCE_ROOT; };
		DA7F170C0E01144E00F34E9B /* get.branch.mode.Rd */ = {isa = PBXFileReference; fileEncoding = 4; lastKnownFileType = text; name = get.branch.mode.Rd; path = man/get.branch.mode.Rd; sourceTree = SOURCE_ROOT; };
		DA7F170D0E01144E00F34E9B /* get.type.Rd */ = {isa = PBXFileReference; fileEncoding = 4; lastKnownFileType = text; name = get.type.Rd; path = man/get.type.Rd; sourceTree = SOURCE_ROOT; };
		DA7F170E0E01144E00F34E9B /* set.branch.weights.Rd */ = {isa = PBXFileReference; fileEncoding = 4; lastKnownFileType = text; name = set.branch.weights.Rd; path = man/set.branch.weights.Rd; sourceTree = SOURCE_ROOT; };
		DA7F170F0E01144E00F34E9B /* get.constr.value.Rd */ = {isa = PBXFileReference; fileEncoding = 4; lastKnownFileType = text; name = get.constr.value.Rd; path = man/get.constr.value.Rd; sourceTree = SOURCE_ROOT; };
		DA7F17100E01144E00F34E9B /* set.row.Rd */ = {isa = PBXFileReference; fileEncoding = 4; lastKnownFileType = text; name = set.row.Rd; path = man/set.row.Rd; sourceTree = SOURCE_ROOT; };
		DA7F17110E01144E00F34E9B /* get.total.iter.Rd */ = {isa = PBXFileReference; fileEncoding = 4; lastKnownFileType = text; name = get.total.iter.Rd; path = man/get.total.iter.Rd; sourceTree = SOURCE_ROOT; };
		DA7F17120E01144E00F34E9B /* get.sensitivity.rhs.Rd */ = {isa = PBXFileReference; fileEncoding = 4; lastKnownFileType = text; name = get.sensitivity.rhs.Rd; path = man/get.sensitivity.rhs.Rd; sourceTree = SOURCE_ROOT; };
		DA7F17130E01144E00F34E9B /* get.kind.Rd */ = {isa = PBXFileReference; fileEncoding = 4; lastKnownFileType = text; name = get.kind.Rd; path = man/get.kind.Rd; sourceTree = SOURCE_ROOT; };
		DA7F17140E01144E00F34E9B /* get.total.nodes.Rd */ = {isa = PBXFileReference; fileEncoding = 4; lastKnownFileType = text; name = get.total.nodes.Rd; path = man/get.total.nodes.Rd; sourceTree = SOURCE_ROOT; };
		DA7F17150E01144E00F34E9B /* get.bounds.Rd */ = {isa = PBXFileReference; fileEncoding = 4; lastKnownFileType = text; name = get.bounds.Rd; path = man/get.bounds.Rd; sourceTree = SOURCE_ROOT; };
		DA7F17160E01144E00F34E9B /* set.branch.mode.Rd */ = {isa = PBXFileReference; fileEncoding = 4; lastKnownFileType = text; name = set.branch.mode.Rd; path = man/set.branch.mode.Rd; sourceTree = SOURCE_ROOT; };
		DA7F17500E01145000F34E9B /* colamd.c */ = {isa = PBXFileReference; fileEncoding = 4; lastKnownFileType = sourcecode.c.c; path = colamd.c; sourceTree = "<group>"; };
		DA7F17510E01145000F34E9B /* lp_lib.c */ = {isa = PBXFileReference; fileEncoding = 4; lastKnownFileType = sourcecode.c.c; path = lp_lib.c; sourceTree = "<group>"; };
		DA7F17550E01145000F34E9B /* lp_MDO.c */ = {isa = PBXFileReference; fileEncoding = 4; lastKnownFileType = sourcecode.c.c; path = lp_MDO.c; sourceTree = "<group>"; };
		DA7F17570E01145000F34E9B /* ini.c */ = {isa = PBXFileReference; fileEncoding = 4; lastKnownFileType = sourcecode.c.c; path = ini.c; sourceTree = "<group>"; };
		DA7F17590E01145000F34E9B /* lp_scale.c */ = {isa = PBXFileReference; fileEncoding = 4; lastKnownFileType = sourcecode.c.c; path = lp_scale.c; sourceTree = "<group>"; };
		DA7F175B0E01145000F34E9B /* Makevars.win */ = {isa = PBXFileReference; fileEncoding = 4; lastKnownFileType = text; name = Makevars.win; path = src/Makevars.win; sourceTree = SOURCE_ROOT; };
		DA7F175F0E01145000F34E9B /* lp_MPS.c */ = {isa = PBXFileReference; fileEncoding = 4; lastKnownFileType = sourcecode.c.c; path = lp_MPS.c; sourceTree = "<group>"; };
		DA7F17600E01145000F34E9B /* lp_matrix.c */ = {isa = PBXFileReference; fileEncoding = 4; lastKnownFileType = sourcecode.c.c; path = lp_matrix.c; sourceTree = "<group>"; };
		DA7F17650E01145000F34E9B /* lp_params.c */ = {isa = PBXFileReference; fileEncoding = 4; lastKnownFileType = sourcecode.c.c; path = lp_params.c; sourceTree = "<group>"; };
		DA7F17670E01145000F34E9B /* lp_rlp.c */ = {isa = PBXFileReference; fileEncoding = 4; lastKnownFileType = sourcecode.c.c; path = lp_rlp.c; sourceTree = "<group>"; };
		DA7F17680E01145000F34E9B /* lp_presolve.c */ = {isa = PBXFileReference; fileEncoding = 4; lastKnownFileType = sourcecode.c.c; path = lp_presolve.c; sourceTree = "<group>"; };
		DA7F17690E01145000F34E9B /* lp_wlp.c */ = {isa = PBXFileReference; fileEncoding = 4; lastKnownFileType = sourcecode.c.c; path = lp_wlp.c; sourceTree = "<group>"; };
		DA7F176B0E01145000F34E9B /* lusol.c */ = {isa = PBXFileReference; fileEncoding = 4; lastKnownFileType = sourcecode.c.c; path = lusol.c; sourceTree = "<group>"; };
		DA7F176D0E01145000F34E9B /* lp_SOS.c */ = {isa = PBXFileReference; fileEncoding = 4; lastKnownFileType = sourcecode.c.c; path = lp_SOS.c; sourceTree = "<group>"; };
		DA7F176E0E01145000F34E9B /* mmio.c */ = {isa = PBXFileReference; fileEncoding = 4; lastKnownFileType = sourcecode.c.c; path = mmio.c; sourceTree = "<group>"; };
		DA7F17730E01145000F34E9B /* yacc_read.c */ = {isa = PBXFileReference; fileEncoding = 4; lastKnownFileType = sourcecode.c.c; path = yacc_read.c; sourceTree = "<group>"; };
		DA7F17770E01145000F34E9B /* lp_mipbb.c */ = {isa = PBXFileReference; fileEncoding = 4; lastKnownFileType = sourcecode.c.c; path = lp_mipbb.c; sourceTree = "<group>"; };
		DA7F17790E01145000F34E9B /* myblas.c */ = {isa = PBXFileReference; fileEncoding = 4; lastKnownFileType = sourcecode.c.c; path = myblas.c; sourceTree = "<group>"; };
		DA7F177C0E01145000F34E9B /* lp_utils.c */ = {isa = PBXFileReference; fileEncoding = 4; lastKnownFileType = sourcecode.c.c; path = lp_utils.c; sourceTree = "<group>"; };
		DA7F177D0E01145000F34E9B /* lp_crash.c */ = {isa = PBXFileReference; fileEncoding = 4; lastKnownFileType = sourcecode.c.c; path = lp_crash.c; sourceTree = "<group>"; };
		DA7F177F0E01145000F34E9B /* lp_price.c */ = {isa = PBXFileReference; fileEncoding = 4; lastKnownFileType = sourcecode.c.c; path = lp_price.c; sourceTree = "<group>"; };
		DA7F17830E01145000F34E9B /* lp_pricePSE.c */ = {isa = PBXFileReference; fileEncoding = 4; lastKnownFileType = sourcecode.c.c; path = lp_pricePSE.c; sourceTree = "<group>"; };
		DA7F17840E01145000F34E9B /* lp_report.c */ = {isa = PBXFileReference; fileEncoding = 4; lastKnownFileType = sourcecode.c.c; path = lp_report.c; sourceTree = "<group>"; };
		DA7F17850E01145000F34E9B /* RlpSolve.c */ = {isa = PBXFileReference; fileEncoding = 4; lastKnownFileType = sourcecode.c.c; name = RlpSolve.c; path = src/RlpSolve.c; sourceTree = SOURCE_ROOT; };
		DA7F17890E01145000F34E9B /* lp_simplex.c */ = {isa = PBXFileReference; fileEncoding = 4; lastKnownFileType = sourcecode.c.c; path = lp_simplex.c; sourceTree = "<group>"; };
		DA7F178A0E01145000F34E9B /* lp_Hash.c */ = {isa = PBXFileReference; fileEncoding = 4; lastKnownFileType = sourcecode.c.c; path = lp_Hash.c; sourceTree = "<group>"; };
		DA7F178B0E01145000F34E9B /* commonlib.c */ = {isa = PBXFileReference; fileEncoding = 4; lastKnownFileType = sourcecode.c.c; path = commonlib.c; sourceTree = "<group>"; };
		DA7F17900E01145000F34E9B /* RlpSolveLink.c */ = {isa = PBXFileReference; fileEncoding = 4; lastKnownFileType = sourcecode.c.c; name = RlpSolveLink.c; path = src/RlpSolveLink.c; sourceTree = SOURCE_ROOT; };
		DA7F17930E01145000F34E9B /* Makevars */ = {isa = PBXFileReference; fileEncoding = 4; lastKnownFileType = text; name = Makevars; path = src/Makevars; sourceTree = SOURCE_ROOT; };
		DA7F17950E01145000F34E9B /* lp_LUSOL.c */ = {isa = PBXFileReference; fileEncoding = 4; lastKnownFileType = sourcecode.c.c; path = lp_LUSOL.c; sourceTree = "<group>"; };
		DA7F179A0E01145000F34E9B /* test.q */ = {isa = PBXFileReference; fileEncoding = 4; lastKnownFileType = text; name = test.q; path = tests/test.q; sourceTree = SOURCE_ROOT; };
		DA7F17A10E0115C900F34E9B /* Rpackage.html */ = {isa = PBXFileReference; fileEncoding = 4; lastKnownFileType = text.html; name = Rpackage.html; path = website/Rpackage.html; sourceTree = SOURCE_ROOT; };
		DA9674FA0E02D2C800989378 /* colamd.h */ = {isa = PBXFileReference; fileEncoding = 4; lastKnownFileType = sourcecode.c.h; name = colamd.h; path = inst/include/colamd.h; sourceTree = SOURCE_ROOT; };
		DA9674FB0E02D2C800989378 /* commonlib.h */ = {isa = PBXFileReference; fileEncoding = 4; lastKnownFileType = sourcecode.c.h; name = commonlib.h; path = inst/include/commonlib.h; sourceTree = SOURCE_ROOT; };
		DA9674FD0E02D2C800989378 /* ini.h */ = {isa = PBXFileReference; fileEncoding = 4; lastKnownFileType = sourcecode.c.h; name = ini.h; path = inst/include/ini.h; sourceTree = SOURCE_ROOT; };
		DA9674FE0E02D2C800989378 /* lp_BFP.h */ = {isa = PBXFileReference; fileEncoding = 4; lastKnownFileType = sourcecode.c.h; name = lp_BFP.h; path = inst/include/lp_BFP.h; sourceTree = SOURCE_ROOT; };
		DA9674FF0E02D2C800989378 /* lp_crash.h */ = {isa = PBXFileReference; fileEncoding = 4; lastKnownFileType = sourcecode.c.h; name = lp_crash.h; path = inst/include/lp_crash.h; sourceTree = SOURCE_ROOT; };
		DA9675000E02D2C800989378 /* lp_Hash.h */ = {isa = PBXFileReference; fileEncoding = 4; lastKnownFileType = sourcecode.c.h; name = lp_Hash.h; path = inst/include/lp_Hash.h; sourceTree = SOURCE_ROOT; };
		DA9675010E02D2C800989378 /* lp_lib.h */ = {isa = PBXFileReference; fileEncoding = 4; lastKnownFileType = sourcecode.c.h; name = lp_lib.h; path = inst/include/lp_lib.h; sourceTree = SOURCE_ROOT; };
		DA9675020E02D2C800989378 /* lp_LUSOL.h */ = {isa = PBXFileReference; fileEncoding = 4; lastKnownFileType = sourcecode.c.h; name = lp_LUSOL.h; path = inst/include/lp_LUSOL.h; sourceTree = SOURCE_ROOT; };
		DA9675030E02D2C800989378 /* lp_matrix.h */ = {isa = PBXFileReference; fileEncoding = 4; lastKnownFileType = sourcecode.c.h; name = lp_matrix.h; path = inst/include/lp_matrix.h; sourceTree = SOURCE_ROOT; };
		DA9675040E02D2C800989378 /* lp_MDO.h */ = {isa = PBXFileReference; fileEncoding = 4; lastKnownFileType = sourcecode.c.h; name = lp_MDO.h; path = inst/include/lp_MDO.h; sourceTree = SOURCE_ROOT; };
		DA9675050E02D2C800989378 /* lp_mipbb.h */ = {isa = PBXFileReference; fileEncoding = 4; lastKnownFileType = sourcecode.c.h; name = lp_mipbb.h; path = inst/include/lp_mipbb.h; sourceTree = SOURCE_ROOT; };
		DA9675060E02D2C800989378 /* lp_MPS.h */ = {isa = PBXFileReference; fileEncoding = 4; lastKnownFileType = sourcecode.c.h; name = lp_MPS.h; path = inst/include/lp_MPS.h; sourceTree = SOURCE_ROOT; };
		DA9675070E02D2C800989378 /* lp_presolve.h */ = {isa = PBXFileReference; fileEncoding = 4; lastKnownFileType = sourcecode.c.h; name = lp_presolve.h; path = inst/include/lp_presolve.h; sourceTree = SOURCE_ROOT; };
		DA9675080E02D2C800989378 /* lp_price.h */ = {isa = PBXFileReference; fileEncoding = 4; lastKnownFileType = sourcecode.c.h; name = lp_price.h; path = inst/include/lp_price.h; sourceTree = SOURCE_ROOT; };
		DA9675090E02D2C800989378 /* lp_pricePSE.h */ = {isa = PBXFileReference; fileEncoding = 4; lastKnownFileType = sourcecode.c.h; name = lp_pricePSE.h; path = inst/include/lp_pricePSE.h; sourceTree = SOURCE_ROOT; };
		DA96750A0E02D2C800989378 /* lp_report.h */ = {isa = PBXFileReference; fileEncoding = 4; lastKnownFileType = sourcecode.c.h; name = lp_report.h; path = inst/include/lp_report.h; sourceTree = SOURCE_ROOT; };
		DA96750B0E02D2C800989378 /* lp_rlp.h */ = {isa = PBXFileReference; fileEncoding = 4; lastKnownFileType = sourcecode.c.h; name = lp_rlp.h; path = inst/include/lp_rlp.h; sourceTree = SOURCE_ROOT; };
		DA96750C0E02D2C800989378 /* lp_scale.h */ = {isa = PBXFileReference; fileEncoding = 4; lastKnownFileType = sourcecode.c.h; name = lp_scale.h; path = inst/include/lp_scale.h; sourceTree = SOURCE_ROOT; };
		DA96750D0E02D2C800989378 /* lp_simplex.h */ = {isa = PBXFileReference; fileEncoding = 4; lastKnownFileType = sourcecode.c.h; name = lp_simplex.h; path = inst/include/lp_simplex.h; sourceTree = SOURCE_ROOT; };
		DA96750E0E02D2C800989378 /* lp_SOS.h */ = {isa = PBXFileReference; fileEncoding = 4; lastKnownFileType = sourcecode.c.h; name = lp_SOS.h; path = inst/include/lp_SOS.h; sourceTree = SOURCE_ROOT; };
		DA96750F0E02D2C800989378 /* lp_types.h */ = {isa = PBXFileReference; fileEncoding = 4; lastKnownFileType = sourcecode.c.h; name = lp_types.h; path = inst/include/lp_types.h; sourceTree = SOURCE_ROOT; };
		DA9675100E02D2C800989378 /* lp_utils.h */ = {isa = PBXFileReference; fileEncoding = 4; lastKnownFileType = sourcecode.c.h; name = lp_utils.h; path = inst/include/lp_utils.h; sourceTree = SOURCE_ROOT; };
		DA9675110E02D2C800989378 /* lp_wlp.h */ = {isa = PBXFileReference; fileEncoding = 4; lastKnownFileType = sourcecode.c.h; name = lp_wlp.h; path = inst/include/lp_wlp.h; sourceTree = SOURCE_ROOT; };
		DA9675120E02D2C800989378 /* lpkit.h */ = {isa = PBXFileReference; fileEncoding = 4; lastKnownFileType = sourcecode.c.h; name = lpkit.h; path = inst/include/lpkit.h; sourceTree = SOURCE_ROOT; };
		DA9675130E02D2C800989378 /* lusol.h */ = {isa = PBXFileReference; fileEncoding = 4; lastKnownFileType = sourcecode.c.h; name = lusol.h; path = inst/include/lusol.h; sourceTree = SOURCE_ROOT; };
		DA9675140E02D2C800989378 /* mmio.h */ = {isa = PBXFileReference; fileEncoding = 4; lastKnownFileType = sourcecode.c.h; name = mmio.h; path = inst/include/mmio.h; sourceTree = SOURCE_ROOT; };
		DA9675150E02D2C800989378 /* myblas.h */ = {isa = PBXFileReference; fileEncoding = 4; lastKnownFileType = sourcecode.c.h; name = myblas.h; path = inst/include/myblas.h; sourceTree = SOURCE_ROOT; };
		DA9675160E02D2C800989378 /* RlpSolve.h */ = {isa = PBXFileReference; fileEncoding = 4; lastKnownFileType = sourcecode.c.h; name = RlpSolve.h; path = inst/include/RlpSolve.h; sourceTree = SOURCE_ROOT; };
		DA9675170E02D2C800989378 /* RlpSolveLink.h */ = {isa = PBXFileReference; fileEncoding = 4; lastKnownFileType = sourcecode.c.h; name = RlpSolveLink.h; path = inst/include/RlpSolveLink.h; sourceTree = SOURCE_ROOT; };
		DA9675180E02D2C800989378 /* yacc_read.h */ = {isa = PBXFileReference; fileEncoding = 4; lastKnownFileType = sourcecode.c.h; name = yacc_read.h; path = inst/include/yacc_read.h; sourceTree = SOURCE_ROOT; };
/* End PBXFileReference section */

/* Begin PBXGroup section */
		0EA670420E0D35670075A859 /* doc */ = {
			isa = PBXGroup;
			children = (
				0EA670440E0D35850075A859 /* lpSolveAPI.Rnw */,
			);
			name = doc;
			sourceTree = "<group>";
		};
		0EB09AF51301767500052750 /* lp_solve */ = {
			isa = PBXGroup;
			children = (
				0EB09AF7130176A500052750 /* absolute1.lp */,
				0EB09AF8130176A500052750 /* binary1.lp */,
				0EB09AF9130176A500052750 /* free1.lp */,
				0EB09AFA130176A500052750 /* free1.mps */,
				0EB09AFB130176A500052750 /* integer1.lp */,
				0EB09AFC130176A500052750 /* integer1.mps */,
				0EB09AFD130176A500052750 /* semi-continuous1.lp */,
				0EB09AFE130176A500052750 /* semi-continuous1.mps */,
				0EB09AFF130176A500052750 /* semi-continuous2.lp */,
				0EB09B00130176A500052750 /* semi-continuous3.lp */,
				0EB09B01130176A500052750 /* sos1.lp */,
				0EB09B02130176A500052750 /* sos1.mps */,
				0EB09B03130176A500052750 /* sos2.lp */,
				0EB09B04130176A500052750 /* sos2.mps */,
				0EB09B05130176A500052750 /* sos3.lp */,
				0EB09B06130176A500052750 /* sos3.mps */,
				0EB09B07130176A500052750 /* sos4.lp */,
				0EB09B08130176A500052750 /* sos4.mps */,
				0EB09B09130176A500052750 /* sos5.lp */,
				0EB09B0A130176A500052750 /* sos5.mps */,
			);
			name = lp_solve;
			sourceTree = "<group>";
		};
		DA7F16CE0E01140F00F34E9B = {
			isa = PBXGroup;
			children = (
				DA7F16DC0E01144D00F34E9B /* DESCRIPTION */,
				DA7F17170E01144E00F34E9B /* R */,
				DA7F16DF0E01144D00F34E9B /* man */,
				0EA670420E0D35670075A859 /* doc */,
				DA9674F80E02D29D00989378 /* include */,
				DA7F174E0E01145000F34E9B /* src */,
				DA7F17980E01145000F34E9B /* tests */,
				DA7F17A00E0115B300F34E9B /* website */,
			);
			sourceTree = "<group>";
		};
		DA7F16DF0E01144D00F34E9B /* man */ = {
			isa = PBXGroup;
			children = (
				DA7F16EB0E01144E00F34E9B /* add.column.Rd */,
				DA7F16FB0E01144E00F34E9B /* add.constraint.Rd */,
				DA7F16F20E01144E00F34E9B /* add.SOS.Rd */,
				DA7F16F40E01144E00F34E9B /* delete.column.Rd */,
				DA7F17020E01144E00F34E9B /* delete.constraint.Rd */,
				DA7F16FE0E01144E00F34E9B /* delete.lp.Rd */,
				DA7F17090E01144E00F34E9B /* dim.lpExtPtr.Rd */,
				DA7F16E70E01144D00F34E9B /* dimnames.lpExtPtr.Rd */,
				DA7F16E90E01144E00F34E9B /* get.basis.Rd */,
				DA7F17150E01144E00F34E9B /* get.bounds.Rd */,
				DA7F170C0E01144E00F34E9B /* get.branch.mode.Rd */,
				DA7F16E00E01144D00F34E9B /* get.column.Rd */,
				DA7F16F80E01144E00F34E9B /* get.constr.type.Rd */,
				DA7F170F0E01144E00F34E9B /* get.constr.value.Rd */,
				DA7F16ED0E01144E00F34E9B /* get.constraints.Rd */,
				DA7F16E80E01144D00F34E9B /* get.dual.solution.Rd */,
				DA7F17130E01144E00F34E9B /* get.kind.Rd */,
				DA7F16F50E01144E00F34E9B /* get.mat.Rd */,
				DA7F17070E01144E00F34E9B /* get.objective.Rd */,
				DA7F16E30E01144D00F34E9B /* get.primal.solution.Rd */,
				DA7F16FA0E01144E00F34E9B /* get.rhs.Rd */,
				DA7F16FF0E01144E00F34E9B /* get.sensitivity.obj.Rd */,
				DA7F16E60E01144D00F34E9B /* get.sensitivity.objex.Rd */,
				DA7F17120E01144E00F34E9B /* get.sensitivity.rhs.Rd */,
				DA7F16F60E01144E00F34E9B /* get.solutioncount.Rd */,
				DA7F17110E01144E00F34E9B /* get.total.iter.Rd */,
				DA7F17140E01144E00F34E9B /* get.total.nodes.Rd */,
				DA7F170D0E01144E00F34E9B /* get.type.Rd */,
				DA7F17050E01144E00F34E9B /* get.variables.Rd */,
				DA7F17040E01144E00F34E9B /* guess.basis.Rd */,
				DA7F16F00E01144E00F34E9B /* lp.control.Rd */,
				DA7F17010E01144E00F34E9B /* lp.control.options.Rd */,
				DA7F16EE0E01144E00F34E9B /* make.lp.Rd */,
				DA7F170A0E01144E00F34E9B /* name.lp.Rd */,
				0EA670410E0D33430075A859 /* plot.lpExtPtr.Rd */,
				DA7F16E40E01144D00F34E9B /* print.lpExtPtr.Rd */,
				DA7F17030E01144E00F34E9B /* read.lp.Rd */,
				DA7F16FC0E01144E00F34E9B /* resize.lp.Rd */,
				DA7F16EA0E01144E00F34E9B /* row.add.mode.Rd */,
				DA7F170B0E01144E00F34E9B /* select.solution.Rd */,
				DA7F16F30E01144E00F34E9B /* set.basis.Rd */,
				DA7F16EC0E01144E00F34E9B /* set.bounds.Rd */,
				DA7F17160E01144E00F34E9B /* set.branch.mode.Rd */,
				DA7F170E0E01144E00F34E9B /* set.branch.weights.Rd */,
				DA7F16EF0E01144E00F34E9B /* set.column.Rd */,
				DA7F17000E01144E00F34E9B /* set.constr.type.Rd */,
				DA7F16E50E01144D00F34E9B /* set.constr.value.Rd */,
				DA7F16FD0E01144E00F34E9B /* set.mat.Rd */,
				DA7F17080E01144E00F34E9B /* set.objfn.Rd */,
				DA7F17060E01144E00F34E9B /* set.rhs.Rd */,
				DA7F17100E01144E00F34E9B /* set.row.Rd */,
				DA7F16E10E01144D00F34E9B /* set.semicont.Rd */,
				DA7F16E20E01144D00F34E9B /* set.type.Rd */,
				DA7F16F90E01144E00F34E9B /* solve.lpExtPtr.Rd */,
				DA7F16F10E01144E00F34E9B /* undocumented.Rd */,
				DA7F16F70E01144E00F34E9B /* write.lp.Rd */,
			);
			path = man;
			sourceTree = SOURCE_ROOT;
		};
		DA7F17170E01144E00F34E9B /* R */ = {
			isa = PBXGroup;
			children = (
				0EA670620E0D524C0075A859 /* add.column.q */,
				0EA670630E0D524C0075A859 /* add.constraint.q */,
				0EA670640E0D524C0075A859 /* add.SOS.q */,
				0EA670650E0D524C0075A859 /* delete.column.q */,
				0EA670660E0D524C0075A859 /* delete.constraint.q */,
				0EA670670E0D524C0075A859 /* delete.lp.q */,
				0EA670680E0D524C0075A859 /* dim.lpExtPtr.q */,
				0EA670690E0D524C0075A859 /* dimnames.lpExtPtr.q */,
				0EA6706A0E0D524C0075A859 /* get.basis.q */,
				0EA6706B0E0D524C0075A859 /* get.bounds.q */,
				0EA6706C0E0D524C0075A859 /* get.branch.mode.q */,
				0EA6706D0E0D524C0075A859 /* get.column.q */,
				0EA6706E0E0D524C0075A859 /* get.constr.type.q */,
				0EA6706F0E0D524C0075A859 /* get.constr.value.q */,
				0EA670700E0D524C0075A859 /* get.constraints.q */,
				0EA670710E0D524C0075A859 /* get.dual.solution.q */,
				0EA670720E0D524C0075A859 /* get.kind.q */,
				0EA670730E0D524C0075A859 /* get.mat.q */,
				0EA670740E0D524C0075A859 /* get.objective.q */,
				0EA670750E0D524C0075A859 /* get.primal.solution.q */,
				0EA670760E0D524C0075A859 /* get.rhs.q */,
				0EA670770E0D524C0075A859 /* get.sensitivity.obj.q */,
				0EA670780E0D524C0075A859 /* get.sensitivity.objex.q */,
				0EA670790E0D524C0075A859 /* get.sensitivity.rhs.q */,
				0EA6707A0E0D524C0075A859 /* get.solutioncount.q */,
				0EA6707B0E0D524C0075A859 /* get.total.iter.q */,
				0EA6707C0E0D524C0075A859 /* get.total.nodes.q */,
				0EA6707D0E0D524C0075A859 /* get.type.q */,
				0EA6707E0E0D524C0075A859 /* get.variables.q */,
				0EA6707F0E0D524C0075A859 /* guess.basis.q */,
				0EA670800E0D524D0075A859 /* library.q */,
				0EA670810E0D524D0075A859 /* lp.control.q */,
				0EA670820E0D524D0075A859 /* make.lp.q */,
				0EA670830E0D524D0075A859 /* name.lp.q */,
				0EA670840E0D524D0075A859 /* plot.lpExtPtr.q */,
				0EA670850E0D524D0075A859 /* print.lpExtPtr.q */,
				0EA670860E0D524D0075A859 /* read.lp.q */,
				0EA670870E0D524D0075A859 /* resize.lp.q */,
				0EA670880E0D524D0075A859 /* row.add.mode.q */,
				0EA670890E0D524D0075A859 /* select.solution.q */,
				0EA6708A0E0D524D0075A859 /* set.basis.q */,
				0EA6708B0E0D524D0075A859 /* set.bounds.q */,
				0EA6708C0E0D524D0075A859 /* set.branch.mode.q */,
				0EA6708D0E0D524D0075A859 /* set.branch.weights.q */,
				0EA6708E0E0D524D0075A859 /* set.column.q */,
				0EA6708F0E0D524D0075A859 /* set.constr.type.q */,
				0EA670900E0D524D0075A859 /* set.constr.value.q */,
				0EA670910E0D524D0075A859 /* set.mat.q */,
				0EA670920E0D524D0075A859 /* set.objfn.q */,
				0EA670930E0D524D0075A859 /* set.rhs.q */,
				0EA670940E0D524D0075A859 /* set.row.q */,
				0EA670950E0D524D0075A859 /* set.semicont.q */,
				0EA670960E0D524D0075A859 /* set.type.q */,
				0EA670970E0D524D0075A859 /* solve.q */,
				0EA670980E0D524D0075A859 /* write.lp.q */,
			);
			path = R;
			sourceTree = SOURCE_ROOT;
		};
		DA7F174E0E01145000F34E9B /* src */ = {
			isa = PBXGroup;
			children = (
				DA7F17930E01145000F34E9B /* Makevars */,
				DA7F175B0E01145000F34E9B /* Makevars.win */,
				DA7F17850E01145000F34E9B /* RlpSolve.c */,
				DA7F17900E01145000F34E9B /* RlpSolveLink.c */,
				DA7F179C0E0114F700F34E9B /* lp_solve */,
			);
			path = src;
			sourceTree = SOURCE_ROOT;
		};
		DA7F17980E01145000F34E9B /* tests */ = {
			isa = PBXGroup;
			children = (
				0E221D3613030B3500322C09 /* lpSolveAPI.R */,
				DA7F179A0E01145000F34E9B /* test.q */,
				0EB09AF51301767500052750 /* lp_solve */,
			);
			path = tests;
			sourceTree = SOURCE_ROOT;
		};
		DA7F179C0E0114F700F34E9B /* lp_solve */ = {
			isa = PBXGroup;
			children = (
				DA7F17500E01145000F34E9B /* colamd.c */,
				DA7F17510E01145000F34E9B /* lp_lib.c */,
				DA7F17550E01145000F34E9B /* lp_MDO.c */,
				DA7F17570E01145000F34E9B /* ini.c */,
				DA7F17590E01145000F34E9B /* lp_scale.c */,
				DA7F175F0E01145000F34E9B /* lp_MPS.c */,
				DA7F17600E01145000F34E9B /* lp_matrix.c */,
				DA7F17650E01145000F34E9B /* lp_params.c */,
				DA7F17670E01145000F34E9B /* lp_rlp.c */,
				DA7F17680E01145000F34E9B /* lp_presolve.c */,
				DA7F17690E01145000F34E9B /* lp_wlp.c */,
				DA7F176B0E01145000F34E9B /* lusol.c */,
				DA7F176D0E01145000F34E9B /* lp_SOS.c */,
				DA7F176E0E01145000F34E9B /* mmio.c */,
				DA7F17730E01145000F34E9B /* yacc_read.c */,
				DA7F17770E01145000F34E9B /* lp_mipbb.c */,
				DA7F17790E01145000F34E9B /* myblas.c */,
				DA7F177C0E01145000F34E9B /* lp_utils.c */,
				DA7F177D0E01145000F34E9B /* lp_crash.c */,
				DA7F177F0E01145000F34E9B /* lp_price.c */,
				DA7F17830E01145000F34E9B /* lp_pricePSE.c */,
				DA7F17840E01145000F34E9B /* lp_report.c */,
				DA7F17890E01145000F34E9B /* lp_simplex.c */,
				DA7F178A0E01145000F34E9B /* lp_Hash.c */,
				DA7F178B0E01145000F34E9B /* commonlib.c */,
				DA7F17950E01145000F34E9B /* lp_LUSOL.c */,
				DA3A89B60E0136BD003FE8A4 /* lp_BFP1.c */,
				DA3A89B70E0136BD003FE8A4 /* lp_BFP2.c */,
				DA3A89B80E0136BD003FE8A4 /* lusol1.c */,
				DA3A89B90E0136BD003FE8A4 /* lusol2.c */,
				DA3A89BA0E0136BD003FE8A4 /* lusol6a.c */,
				DA3A89BB0E0136BD003FE8A4 /* lusol6l0.c */,
				DA3A89BC0E0136BD003FE8A4 /* lusol6u.c */,
				DA3A89BD0E0136BD003FE8A4 /* lusol7a.c */,
				DA3A89BE0E0136BD003FE8A4 /* lusol8a.c */,
			);
			name = lp_solve;
			sourceTree = "<group>";
		};
		DA7F17A00E0115B300F34E9B /* website */ = {
			isa = PBXGroup;
			children = (
				DA7F17A10E0115C900F34E9B /* Rpackage.html */,
			);
			name = website;
			sourceTree = "<group>";
		};
		DA9674F80E02D29D00989378 /* include */ = {
			isa = PBXGroup;
			children = (
				DA9674FA0E02D2C800989378 /* colamd.h */,
				DA9674FB0E02D2C800989378 /* commonlib.h */,
				DA9674FD0E02D2C800989378 /* ini.h */,
				DA9674FE0E02D2C800989378 /* lp_BFP.h */,
				0E36ACD610655B7C0070A8A0 /* lp_bit.h */,
				DA9674FF0E02D2C800989378 /* lp_crash.h */,
				DA9675000E02D2C800989378 /* lp_Hash.h */,
				DA9675010E02D2C800989378 /* lp_lib.h */,
				DA9675020E02D2C800989378 /* lp_LUSOL.h */,
				DA9675030E02D2C800989378 /* lp_matrix.h */,
				DA9675040E02D2C800989378 /* lp_MDO.h */,
				DA9675050E02D2C800989378 /* lp_mipbb.h */,
				DA9675060E02D2C800989378 /* lp_MPS.h */,
				DA9675070E02D2C800989378 /* lp_presolve.h */,
				DA9675080E02D2C800989378 /* lp_price.h */,
				DA9675090E02D2C800989378 /* lp_pricePSE.h */,
				DA96750A0E02D2C800989378 /* lp_report.h */,
				DA96750B0E02D2C800989378 /* lp_rlp.h */,
				DA96750C0E02D2C800989378 /* lp_scale.h */,
				DA96750D0E02D2C800989378 /* lp_simplex.h */,
				DA96750E0E02D2C800989378 /* lp_SOS.h */,
				DA96750F0E02D2C800989378 /* lp_types.h */,
				DA9675100E02D2C800989378 /* lp_utils.h */,
				DA9675110E02D2C800989378 /* lp_wlp.h */,
				DA9675120E02D2C800989378 /* lpkit.h */,
				DA9675130E02D2C800989378 /* lusol.h */,
				DA9675140E02D2C800989378 /* mmio.h */,
				DA9675150E02D2C800989378 /* myblas.h */,
				DA9675160E02D2C800989378 /* RlpSolve.h */,
				DA9675170E02D2C800989378 /* RlpSolveLink.h */,
				DA9675180E02D2C800989378 /* yacc_read.h */,
			);
			name = include;
			sourceTree = "<group>";
		};
/* End PBXGroup section */

/* Begin PBXProject section */
		DA7F16D00E01140F00F34E9B /* Project object */ = {
			isa = PBXProject;
			buildConfigurationList = DA7F16D30E01140F00F34E9B /* Build configuration list for PBXProject "lpSolveAPI" */;
			compatibilityVersion = "Xcode 2.4";
			developmentRegion = English;
			hasScannedForEncodings = 0;
			knownRegions = (
				English,
				Japanese,
				French,
				German,
			);
			mainGroup = DA7F16CE0E01140F00F34E9B;
			projectDirPath = "";
			projectRoot = "";
			targets = (
			);
		};
/* End PBXProject section */

/* Begin XCBuildConfiguration section */
		DA7F16D10E01140F00F34E9B /* Debug */ = {
			isa = XCBuildConfiguration;
			buildSettings = {
				COPY_PHASE_STRIP = NO;
			};
			name = Debug;
		};
		DA7F16D20E01140F00F34E9B /* Release */ = {
			isa = XCBuildConfiguration;
			buildSettings = {
				COPY_PHASE_STRIP = YES;
			};
			name = Release;
		};
/* End XCBuildConfiguration section */

/* Begin XCConfigurationList section */
		DA7F16D30E01140F00F34E9B /* Build configuration list for PBXProject "lpSolveAPI" */ = {
			isa = XCConfigurationList;
			buildConfigurations = (
				DA7F16D10E01140F00F34E9B /* Debug */,
				DA7F16D20E01140F00F34E9B /* Release */,
			);
			defaultConfigurationIsVisible = 0;
			defaultConfigurationName = Release;
		};
/* End XCConfigurationList section */
	};
	rootObject = DA7F16D00E01140F00F34E9B /* Project object */;
}
