// !$*UTF8*$!
{
	archiveVersion = 1;
	classes = {
	};
	objectVersion = 42;
	objects = {

/* Begin PBXFileReference section */
		0E16C0090D64831600EE878E /* test.q */ = {isa = PBXFileReference; fileEncoding = 4; lastKnownFileType = text; name = test.q; path = tests/test.q; sourceTree = SOURCE_ROOT; };
		0E16C0290D6487C700EE878E /* testmodel.mps */ = {isa = PBXFileReference; fileEncoding = 4; lastKnownFileType = text; path = testmodel.mps; sourceTree = "<group>"; };
		0E16C02A0D6488A100EE878E /* testmodel.lp */ = {isa = PBXFileReference; fileEncoding = 4; lastKnownFileType = sourcecode.lex; name = testmodel.lp; path = tests/testmodel.lp; sourceTree = SOURCE_ROOT; };
		0E16C0490D648A6B00EE878E /* library.q */ = {isa = PBXFileReference; fileEncoding = 4; lastKnownFileType = text; path = library.q; sourceTree = "<group>"; };
		0E16C06C0D64906900EE878E /* read.lp.q */ = {isa = PBXFileReference; fileEncoding = 4; lastKnownFileType = text; path = read.lp.q; sourceTree = "<group>"; };
		0E16C06D0D64907F00EE878E /* write.lp.q */ = {isa = PBXFileReference; fileEncoding = 4; lastKnownFileType = text; path = write.lp.q; sourceTree = "<group>"; };
		0E219E3B0D572A7C003CEC7F /* DESCRIPTION */ = {isa = PBXFileReference; fileEncoding = 4; lastKnownFileType = text; path = DESCRIPTION; sourceTree = SOURCE_ROOT; };
		0E3F54B60D536CB300617C9D /* Makevars.win */ = {isa = PBXFileReference; fileEncoding = 4; lastKnownFileType = text; name = Makevars.win; path = src/Makevars.win; sourceTree = SOURCE_ROOT; };
		0E3F54C50D536DB400617C9D /* RlpSolve.c */ = {isa = PBXFileReference; fileEncoding = 4; lastKnownFileType = sourcecode.c.c; name = RlpSolve.c; path = src/RlpSolve.c; sourceTree = SOURCE_ROOT; };
		0E3F54C60D536DB400617C9D /* RlpSolve.h */ = {isa = PBXFileReference; fileEncoding = 4; lastKnownFileType = sourcecode.c.h; name = RlpSolve.h; path = src/RlpSolve.h; sourceTree = SOURCE_ROOT; };
		0E3F54C70D536DB400617C9D /* RlpSolveLink.c */ = {isa = PBXFileReference; fileEncoding = 4; lastKnownFileType = sourcecode.c.c; name = RlpSolveLink.c; path = src/RlpSolveLink.c; sourceTree = SOURCE_ROOT; };
		0E3F54C80D536DB400617C9D /* RlpSolveLink.h */ = {isa = PBXFileReference; fileEncoding = 4; lastKnownFileType = sourcecode.c.h; name = RlpSolveLink.h; path = src/RlpSolveLink.h; sourceTree = SOURCE_ROOT; };
		0E8B36220D5B9335000DEDC9 /* set.row.q */ = {isa = PBXFileReference; fileEncoding = 4; lastKnownFileType = text; path = set.row.q; sourceTree = "<group>"; };
		0E95A8740D65AC25004E889A /* dimnames.lp.q */ = {isa = PBXFileReference; fileEncoding = 4; lastKnownFileType = text; name = dimnames.lp.q; path = R/dimnames.lp.q; sourceTree = SOURCE_ROOT; };
		0E9AA01B0D622B8400426ADF /* lp.control.q */ = {isa = PBXFileReference; fileEncoding = 4; lastKnownFileType = text; path = lp.control.q; sourceTree = "<group>"; };
		0EA6F46C0D631EE200496510 /* get.presolveloops.q */ = {isa = PBXFileReference; fileEncoding = 4; lastKnownFileType = text; path = get.presolveloops.q; sourceTree = "<group>"; };
		0EABBD6D0D59CD6C00CF7B0C /* make.lp.q */ = {isa = PBXFileReference; fileEncoding = 4; lastKnownFileType = text; path = make.lp.q; sourceTree = "<group>"; };
		0EABBD790D59D0A600CF7B0C /* make.lp.Rd */ = {isa = PBXFileReference; fileEncoding = 4; lastKnownFileType = text; path = make.lp.Rd; sourceTree = "<group>"; };
		0EABBD7A0D59E82A00CF7B0C /* add.constraint.q */ = {isa = PBXFileReference; fileEncoding = 4; lastKnownFileType = text; path = add.constraint.q; sourceTree = "<group>"; };
		0EABBD7B0D59E82A00CF7B0C /* delete.columns.q */ = {isa = PBXFileReference; fileEncoding = 4; lastKnownFileType = text; path = delete.columns.q; sourceTree = "<group>"; };
		0EABBD7C0D59E82A00CF7B0C /* delete.constraints.q */ = {isa = PBXFileReference; fileEncoding = 4; lastKnownFileType = text; path = delete.constraints.q; sourceTree = "<group>"; };
		0EABBD7D0D59E82A00CF7B0C /* get.constr.types.q */ = {isa = PBXFileReference; fileEncoding = 4; lastKnownFileType = text; path = get.constr.types.q; sourceTree = "<group>"; };
		0EABBD7F0D59E82A00CF7B0C /* get.bounds.q */ = {isa = PBXFileReference; fileEncoding = 4; lastKnownFileType = text; path = get.bounds.q; sourceTree = "<group>"; };
		0EABBD800D59E82A00CF7B0C /* get.mat.q */ = {isa = PBXFileReference; fileEncoding = 4; lastKnownFileType = text; path = get.mat.q; sourceTree = "<group>"; };
		0EABBD810D59E82A00CF7B0C /* get.rhs.q */ = {isa = PBXFileReference; fileEncoding = 4; lastKnownFileType = text; path = get.rhs.q; sourceTree = "<group>"; };
		0EABBD890D59E82A00CF7B0C /* print.lpExtPtr.q */ = {isa = PBXFileReference; fileEncoding = 4; lastKnownFileType = text; path = print.lpExtPtr.q; sourceTree = "<group>"; };
		0EABBD8A0D59E82A00CF7B0C /* resize.lp.q */ = {isa = PBXFileReference; fileEncoding = 4; lastKnownFileType = text; path = resize.lp.q; sourceTree = "<group>"; };
		0EABBD8C0D59E82A00CF7B0C /* set.bounds.q */ = {isa = PBXFileReference; fileEncoding = 4; lastKnownFileType = text; path = set.bounds.q; sourceTree = "<group>"; };
		0EABBD8D0D59E82A00CF7B0C /* set.constr.types.q */ = {isa = PBXFileReference; fileEncoding = 4; lastKnownFileType = text; path = set.constr.types.q; sourceTree = "<group>"; };
		0EABBD910D59E82A00CF7B0C /* set.mat.q */ = {isa = PBXFileReference; fileEncoding = 4; lastKnownFileType = text; path = set.mat.q; sourceTree = "<group>"; };
		0EABBD920D59E82A00CF7B0C /* set.objfn.q */ = {isa = PBXFileReference; fileEncoding = 4; lastKnownFileType = text; path = set.objfn.q; sourceTree = "<group>"; };
		0EABBD930D59E82A00CF7B0C /* set.rhs.q */ = {isa = PBXFileReference; fileEncoding = 4; lastKnownFileType = text; path = set.rhs.q; sourceTree = "<group>"; };
		0EABBD970D59E8A100CF7B0C /* get.column.q */ = {isa = PBXFileReference; fileEncoding = 4; lastKnownFileType = text; path = get.column.q; sourceTree = "<group>"; };
		0EABBD980D59E8A100CF7B0C /* set.column.q */ = {isa = PBXFileReference; fileEncoding = 4; lastKnownFileType = text; path = set.column.q; sourceTree = "<group>"; };
		0EABBD990D59FD8000CF7B0C /* add.column.q */ = {isa = PBXFileReference; fileEncoding = 4; lastKnownFileType = text; path = add.column.q; sourceTree = "<group>"; };
		0EABBD9A0D5A104700CF7B0C /* dim.lp.q */ = {isa = PBXFileReference; fileEncoding = 4; lastKnownFileType = text; path = dim.lp.q; sourceTree = "<group>"; };
		0EC5CD3A0D60584D00958B10 /* lpslink55.c */ = {isa = PBXFileReference; fileEncoding = 4; lastKnownFileType = sourcecode.c.c; name = lpslink55.c; path = src/lpslink55.c; sourceTree = SOURCE_ROOT; };
		0EC5CD3D0D6073BA00958B10 /* lpSolve.Rd */ = {isa = PBXFileReference; fileEncoding = 4; lastKnownFileType = text; name = lpSolve.Rd; path = man/lpSolve.Rd; sourceTree = SOURCE_ROOT; };
		0ED0C43F0D5B59950013E074 /* set.type.q */ = {isa = PBXFileReference; fileEncoding = 4; lastKnownFileType = text; path = set.type.q; sourceTree = "<group>"; };
		0ED0C4400D5B65700013E074 /* get.types.q */ = {isa = PBXFileReference; fileEncoding = 4; lastKnownFileType = text; path = get.types.q; sourceTree = "<group>"; };
		0EF13EF20D5C918A00F77D3C /* colamd.c */ = {isa = PBXFileReference; fileEncoding = 4; lastKnownFileType = sourcecode.c.c; name = colamd.c; path = src/colamd.c; sourceTree = SOURCE_ROOT; };
		0EF13EF30D5C918A00F77D3C /* colamd.h */ = {isa = PBXFileReference; fileEncoding = 4; lastKnownFileType = sourcecode.c.h; name = colamd.h; path = src/colamd.h; sourceTree = SOURCE_ROOT; };
		0EF13EF40D5C918A00F77D3C /* commonlib.c */ = {isa = PBXFileReference; fileEncoding = 4; lastKnownFileType = sourcecode.c.c; name = commonlib.c; path = src/commonlib.c; sourceTree = SOURCE_ROOT; };
		0EF13EF50D5C918A00F77D3C /* commonlib.h */ = {isa = PBXFileReference; fileEncoding = 4; lastKnownFileType = sourcecode.c.h; name = commonlib.h; path = src/commonlib.h; sourceTree = SOURCE_ROOT; };
		0EF13EF60D5C918A00F77D3C /* fortify.c */ = {isa = PBXFileReference; fileEncoding = 4; lastKnownFileType = sourcecode.c.c; name = fortify.c; path = src/fortify.c; sourceTree = SOURCE_ROOT; };
		0EF13EF70D5C918A00F77D3C /* fortify.h */ = {isa = PBXFileReference; fileEncoding = 4; lastKnownFileType = sourcecode.c.h; name = fortify.h; path = src/fortify.h; sourceTree = SOURCE_ROOT; };
		0EF13EF80D5C918A00F77D3C /* ini.c */ = {isa = PBXFileReference; fileEncoding = 4; lastKnownFileType = sourcecode.c.c; name = ini.c; path = src/ini.c; sourceTree = SOURCE_ROOT; };
		0EF13EF90D5C918A00F77D3C /* ini.h */ = {isa = PBXFileReference; fileEncoding = 4; lastKnownFileType = sourcecode.c.h; name = ini.h; path = src/ini.h; sourceTree = SOURCE_ROOT; };
		0EF13EFA0D5C918A00F77D3C /* lp_BFP.h */ = {isa = PBXFileReference; fileEncoding = 4; lastKnownFileType = sourcecode.c.h; name = lp_BFP.h; path = src/lp_BFP.h; sourceTree = SOURCE_ROOT; };
		0EF13EFB0D5C918A00F77D3C /* lp_BFP1.CFILE */ = {isa = PBXFileReference; fileEncoding = 4; lastKnownFileType = text; name = lp_BFP1.CFILE; path = src/lp_BFP1.CFILE; sourceTree = SOURCE_ROOT; };
		0EF13EFC0D5C918A00F77D3C /* lp_BFP2.CFILE */ = {isa = PBXFileReference; fileEncoding = 4; lastKnownFileType = text; name = lp_BFP2.CFILE; path = src/lp_BFP2.CFILE; sourceTree = SOURCE_ROOT; };
		0EF13EFD0D5C918A00F77D3C /* lp_crash.c */ = {isa = PBXFileReference; fileEncoding = 4; lastKnownFileType = sourcecode.c.c; name = lp_crash.c; path = src/lp_crash.c; sourceTree = SOURCE_ROOT; };
		0EF13EFE0D5C918A00F77D3C /* lp_crash.h */ = {isa = PBXFileReference; fileEncoding = 4; lastKnownFileType = sourcecode.c.h; name = lp_crash.h; path = src/lp_crash.h; sourceTree = SOURCE_ROOT; };
		0EF13EFF0D5C918A00F77D3C /* lp_Hash.c */ = {isa = PBXFileReference; fileEncoding = 4; lastKnownFileType = sourcecode.c.c; name = lp_Hash.c; path = src/lp_Hash.c; sourceTree = SOURCE_ROOT; };
		0EF13F000D5C918A00F77D3C /* lp_Hash.h */ = {isa = PBXFileReference; fileEncoding = 4; lastKnownFileType = sourcecode.c.h; name = lp_Hash.h; path = src/lp_Hash.h; sourceTree = SOURCE_ROOT; };
		0EF13F010D5C918A00F77D3C /* lp_lib.c */ = {isa = PBXFileReference; fileEncoding = 4; lastKnownFileType = sourcecode.c.c; name = lp_lib.c; path = src/lp_lib.c; sourceTree = SOURCE_ROOT; };
		0EF13F020D5C918A00F77D3C /* lp_lib.h */ = {isa = PBXFileReference; fileEncoding = 4; lastKnownFileType = sourcecode.c.h; name = lp_lib.h; path = src/lp_lib.h; sourceTree = SOURCE_ROOT; };
		0EF13F030D5C918A00F77D3C /* lp_LUSOL.c */ = {isa = PBXFileReference; fileEncoding = 4; lastKnownFileType = sourcecode.c.c; name = lp_LUSOL.c; path = src/lp_LUSOL.c; sourceTree = SOURCE_ROOT; };
		0EF13F040D5C918A00F77D3C /* lp_LUSOL.h */ = {isa = PBXFileReference; fileEncoding = 4; lastKnownFileType = sourcecode.c.h; name = lp_LUSOL.h; path = src/lp_LUSOL.h; sourceTree = SOURCE_ROOT; };
		0EF13F050D5C918A00F77D3C /* lp_matrix.c */ = {isa = PBXFileReference; fileEncoding = 4; lastKnownFileType = sourcecode.c.c; name = lp_matrix.c; path = src/lp_matrix.c; sourceTree = SOURCE_ROOT; };
		0EF13F060D5C918A00F77D3C /* lp_matrix.h */ = {isa = PBXFileReference; fileEncoding = 4; lastKnownFileType = sourcecode.c.h; name = lp_matrix.h; path = src/lp_matrix.h; sourceTree = SOURCE_ROOT; };
		0EF13F070D5C918A00F77D3C /* lp_MDO.c */ = {isa = PBXFileReference; fileEncoding = 4; lastKnownFileType = sourcecode.c.c; name = lp_MDO.c; path = src/lp_MDO.c; sourceTree = SOURCE_ROOT; };
		0EF13F080D5C918A00F77D3C /* lp_MDO.h */ = {isa = PBXFileReference; fileEncoding = 4; lastKnownFileType = sourcecode.c.h; name = lp_MDO.h; path = src/lp_MDO.h; sourceTree = SOURCE_ROOT; };
		0EF13F090D5C918A00F77D3C /* lp_mipbb.c */ = {isa = PBXFileReference; fileEncoding = 4; lastKnownFileType = sourcecode.c.c; name = lp_mipbb.c; path = src/lp_mipbb.c; sourceTree = SOURCE_ROOT; };
		0EF13F0A0D5C918A00F77D3C /* lp_mipbb.h */ = {isa = PBXFileReference; fileEncoding = 4; lastKnownFileType = sourcecode.c.h; name = lp_mipbb.h; path = src/lp_mipbb.h; sourceTree = SOURCE_ROOT; };
		0EF13F0B0D5C918A00F77D3C /* lp_MPS.c */ = {isa = PBXFileReference; fileEncoding = 4; lastKnownFileType = sourcecode.c.c; name = lp_MPS.c; path = src/lp_MPS.c; sourceTree = SOURCE_ROOT; };
		0EF13F0C0D5C918A00F77D3C /* lp_MPS.h */ = {isa = PBXFileReference; fileEncoding = 4; lastKnownFileType = sourcecode.c.h; name = lp_MPS.h; path = src/lp_MPS.h; sourceTree = SOURCE_ROOT; };
		0EF13F0D0D5C918A00F77D3C /* lp_params.c */ = {isa = PBXFileReference; fileEncoding = 4; lastKnownFileType = sourcecode.c.c; name = lp_params.c; path = src/lp_params.c; sourceTree = SOURCE_ROOT; };
		0EF13F0E0D5C918A00F77D3C /* lp_presolve.c */ = {isa = PBXFileReference; fileEncoding = 4; lastKnownFileType = sourcecode.c.c; name = lp_presolve.c; path = src/lp_presolve.c; sourceTree = SOURCE_ROOT; };
		0EF13F0F0D5C918A00F77D3C /* lp_presolve.h */ = {isa = PBXFileReference; fileEncoding = 4; lastKnownFileType = sourcecode.c.h; name = lp_presolve.h; path = src/lp_presolve.h; sourceTree = SOURCE_ROOT; };
		0EF13F100D5C918A00F77D3C /* lp_price.c */ = {isa = PBXFileReference; fileEncoding = 4; lastKnownFileType = sourcecode.c.c; name = lp_price.c; path = src/lp_price.c; sourceTree = SOURCE_ROOT; };
		0EF13F110D5C918A00F77D3C /* lp_price.h */ = {isa = PBXFileReference; fileEncoding = 4; lastKnownFileType = sourcecode.c.h; name = lp_price.h; path = src/lp_price.h; sourceTree = SOURCE_ROOT; };
		0EF13F120D5C918A00F77D3C /* lp_pricePSE.c */ = {isa = PBXFileReference; fileEncoding = 4; lastKnownFileType = sourcecode.c.c; name = lp_pricePSE.c; path = src/lp_pricePSE.c; sourceTree = SOURCE_ROOT; };
		0EF13F130D5C918A00F77D3C /* lp_pricePSE.h */ = {isa = PBXFileReference; fileEncoding = 4; lastKnownFileType = sourcecode.c.h; name = lp_pricePSE.h; path = src/lp_pricePSE.h; sourceTree = SOURCE_ROOT; };
		0EF13F140D5C918A00F77D3C /* lp_report.c */ = {isa = PBXFileReference; fileEncoding = 4; lastKnownFileType = sourcecode.c.c; name = lp_report.c; path = src/lp_report.c; sourceTree = SOURCE_ROOT; };
		0EF13F150D5C918A00F77D3C /* lp_report.h */ = {isa = PBXFileReference; fileEncoding = 4; lastKnownFileType = sourcecode.c.h; name = lp_report.h; path = src/lp_report.h; sourceTree = SOURCE_ROOT; };
		0EF13F160D5C918A00F77D3C /* lp_rlp.c */ = {isa = PBXFileReference; fileEncoding = 4; lastKnownFileType = sourcecode.c.c; name = lp_rlp.c; path = src/lp_rlp.c; sourceTree = SOURCE_ROOT; };
		0EF13F170D5C918A00F77D3C /* lp_rlp.h */ = {isa = PBXFileReference; fileEncoding = 4; lastKnownFileType = sourcecode.c.h; name = lp_rlp.h; path = src/lp_rlp.h; sourceTree = SOURCE_ROOT; };
		0EF13F180D5C918A00F77D3C /* lp_scale.c */ = {isa = PBXFileReference; fileEncoding = 4; lastKnownFileType = sourcecode.c.c; name = lp_scale.c; path = src/lp_scale.c; sourceTree = SOURCE_ROOT; };
		0EF13F190D5C918A00F77D3C /* lp_scale.h */ = {isa = PBXFileReference; fileEncoding = 4; lastKnownFileType = sourcecode.c.h; name = lp_scale.h; path = src/lp_scale.h; sourceTree = SOURCE_ROOT; };
		0EF13F1A0D5C918A00F77D3C /* lp_simplex.c */ = {isa = PBXFileReference; fileEncoding = 4; lastKnownFileType = sourcecode.c.c; name = lp_simplex.c; path = src/lp_simplex.c; sourceTree = SOURCE_ROOT; };
		0EF13F1B0D5C918A00F77D3C /* lp_simplex.h */ = {isa = PBXFileReference; fileEncoding = 4; lastKnownFileType = sourcecode.c.h; name = lp_simplex.h; path = src/lp_simplex.h; sourceTree = SOURCE_ROOT; };
		0EF13F1C0D5C918A00F77D3C /* lp_SOS.c */ = {isa = PBXFileReference; fileEncoding = 4; lastKnownFileType = sourcecode.c.c; name = lp_SOS.c; path = src/lp_SOS.c; sourceTree = SOURCE_ROOT; };
		0EF13F1D0D5C918A00F77D3C /* lp_SOS.h */ = {isa = PBXFileReference; fileEncoding = 4; lastKnownFileType = sourcecode.c.h; name = lp_SOS.h; path = src/lp_SOS.h; sourceTree = SOURCE_ROOT; };
		0EF13F1E0D5C918A00F77D3C /* lp_types.h */ = {isa = PBXFileReference; fileEncoding = 4; lastKnownFileType = sourcecode.c.h; name = lp_types.h; path = src/lp_types.h; sourceTree = SOURCE_ROOT; };
		0EF13F1F0D5C918A00F77D3C /* lp_utils.c */ = {isa = PBXFileReference; fileEncoding = 4; lastKnownFileType = sourcecode.c.c; name = lp_utils.c; path = src/lp_utils.c; sourceTree = SOURCE_ROOT; };
		0EF13F200D5C918A00F77D3C /* lp_utils.h */ = {isa = PBXFileReference; fileEncoding = 4; lastKnownFileType = sourcecode.c.h; name = lp_utils.h; path = src/lp_utils.h; sourceTree = SOURCE_ROOT; };
		0EF13F210D5C918A00F77D3C /* lp_wlp.c */ = {isa = PBXFileReference; fileEncoding = 4; lastKnownFileType = sourcecode.c.c; name = lp_wlp.c; path = src/lp_wlp.c; sourceTree = SOURCE_ROOT; };
		0EF13F220D5C918A00F77D3C /* lp_wlp.h */ = {isa = PBXFileReference; fileEncoding = 4; lastKnownFileType = sourcecode.c.h; name = lp_wlp.h; path = src/lp_wlp.h; sourceTree = SOURCE_ROOT; };
		0EF13F230D5C918A00F77D3C /* lpkit.h */ = {isa = PBXFileReference; fileEncoding = 4; lastKnownFileType = sourcecode.c.h; name = lpkit.h; path = src/lpkit.h; sourceTree = SOURCE_ROOT; };
		0EF13F240D5C918A00F77D3C /* lusol.c */ = {isa = PBXFileReference; fileEncoding = 4; lastKnownFileType = sourcecode.c.c; name = lusol.c; path = src/lusol.c; sourceTree = SOURCE_ROOT; };
		0EF13F250D5C918A00F77D3C /* lusol.h */ = {isa = PBXFileReference; fileEncoding = 4; lastKnownFileType = sourcecode.c.h; name = lusol.h; path = src/lusol.h; sourceTree = SOURCE_ROOT; };
		0EF13F260D5C918A00F77D3C /* lusol1.CFILE */ = {isa = PBXFileReference; fileEncoding = 4; lastKnownFileType = text; name = lusol1.CFILE; path = src/lusol1.CFILE; sourceTree = SOURCE_ROOT; };
		0EF13F270D5C918A00F77D3C /* lusol2.CFILE */ = {isa = PBXFileReference; fileEncoding = 4; lastKnownFileType = text; name = lusol2.CFILE; path = src/lusol2.CFILE; sourceTree = SOURCE_ROOT; };
		0EF13F280D5C918A00F77D3C /* lusol6a.CFILE */ = {isa = PBXFileReference; fileEncoding = 4; lastKnownFileType = text; name = lusol6a.CFILE; path = src/lusol6a.CFILE; sourceTree = SOURCE_ROOT; };
		0EF13F290D5C918A00F77D3C /* lusol6l0.CFILE */ = {isa = PBXFileReference; fileEncoding = 4; lastKnownFileType = text; name = lusol6l0.CFILE; path = src/lusol6l0.CFILE; sourceTree = SOURCE_ROOT; };
		0EF13F2A0D5C918A00F77D3C /* lusol6u.CFILE */ = {isa = PBXFileReference; fileEncoding = 4; lastKnownFileType = text; name = lusol6u.CFILE; path = src/lusol6u.CFILE; sourceTree = SOURCE_ROOT; };
		0EF13F2B0D5C918A00F77D3C /* lusol7a.CFILE */ = {isa = PBXFileReference; fileEncoding = 4; lastKnownFileType = text; name = lusol7a.CFILE; path = src/lusol7a.CFILE; sourceTree = SOURCE_ROOT; };
		0EF13F2C0D5C918A00F77D3C /* lusol8a.CFILE */ = {isa = PBXFileReference; fileEncoding = 4; lastKnownFileType = text; name = lusol8a.CFILE; path = src/lusol8a.CFILE; sourceTree = SOURCE_ROOT; };
		0EF13F2D0D5C918A00F77D3C /* Makevars */ = {isa = PBXFileReference; fileEncoding = 4; lastKnownFileType = text; name = Makevars; path = src/Makevars; sourceTree = "<group>"; };
		0EF13F2E0D5C918A00F77D3C /* mmio.c */ = {isa = PBXFileReference; fileEncoding = 4; lastKnownFileType = sourcecode.c.c; name = mmio.c; path = src/mmio.c; sourceTree = SOURCE_ROOT; };
		0EF13F2F0D5C918A00F77D3C /* mmio.h */ = {isa = PBXFileReference; fileEncoding = 4; lastKnownFileType = sourcecode.c.h; name = mmio.h; path = src/mmio.h; sourceTree = SOURCE_ROOT; };
		0EF13F300D5C918A00F77D3C /* myblas.c */ = {isa = PBXFileReference; fileEncoding = 4; lastKnownFileType = sourcecode.c.c; name = myblas.c; path = src/myblas.c; sourceTree = SOURCE_ROOT; };
		0EF13F310D5C918A00F77D3C /* myblas.h */ = {isa = PBXFileReference; fileEncoding = 4; lastKnownFileType = sourcecode.c.h; name = myblas.h; path = src/myblas.h; sourceTree = SOURCE_ROOT; };
		0EF13F320D5C918A00F77D3C /* yacc_read.c */ = {isa = PBXFileReference; fileEncoding = 4; lastKnownFileType = sourcecode.c.c; name = yacc_read.c; path = src/yacc_read.c; sourceTree = SOURCE_ROOT; };
		0EF13F330D5C918A00F77D3C /* yacc_read.h */ = {isa = PBXFileReference; fileEncoding = 4; lastKnownFileType = sourcecode.c.h; name = yacc_read.h; path = src/yacc_read.h; sourceTree = SOURCE_ROOT; };
		0EF13F5A0D5C9F9100F77D3C /* lpSolve.c */ = {isa = PBXFileReference; fileEncoding = 4; lastKnownFileType = sourcecode.c.c; name = lpSolve.c; path = src/lpSolve.c; sourceTree = SOURCE_ROOT; };
		0EF13F5B0D5C9FA600F77D3C /* lpSolve.q */ = {isa = PBXFileReference; fileEncoding = 4; lastKnownFileType = text; name = lpSolve.q; path = R/lpSolve.q; sourceTree = SOURCE_ROOT; };
		0EF13F730D5CA9D100F77D3C /* lp.assign.Rd */ = {isa = PBXFileReference; fileEncoding = 4; lastKnownFileType = text; name = lp.assign.Rd; path = man/lp.assign.Rd; sourceTree = SOURCE_ROOT; };
		0EF13F740D5CA9D100F77D3C /* lp.object.Rd */ = {isa = PBXFileReference; fileEncoding = 4; lastKnownFileType = text; name = lp.object.Rd; path = man/lp.object.Rd; sourceTree = SOURCE_ROOT; };
		0EF13F750D5CA9D100F77D3C /* lp.Rd */ = {isa = PBXFileReference; fileEncoding = 4; lastKnownFileType = text; name = lp.Rd; path = man/lp.Rd; sourceTree = SOURCE_ROOT; };
		0EF13F760D5CA9D100F77D3C /* lp.transport.Rd */ = {isa = PBXFileReference; fileEncoding = 4; lastKnownFileType = text; name = lp.transport.Rd; path = man/lp.transport.Rd; sourceTree = SOURCE_ROOT; };
		0EF13F770D5CA9D100F77D3C /* print.lp.Rd */ = {isa = PBXFileReference; fileEncoding = 4; lastKnownFileType = text; name = print.lp.Rd; path = man/print.lp.Rd; sourceTree = SOURCE_ROOT; };
		0EF13F980D5CAA3B00F77D3C /* lp.assign.q */ = {isa = PBXFileReference; fileEncoding = 4; lastKnownFileType = text; name = lp.assign.q; path = R/lp.assign.q; sourceTree = SOURCE_ROOT; };
		0EF13F990D5CAA3B00F77D3C /* lp.q */ = {isa = PBXFileReference; fileEncoding = 4; lastKnownFileType = text; name = lp.q; path = R/lp.q; sourceTree = SOURCE_ROOT; };
		0EF13F9A0D5CAA3B00F77D3C /* lp.transport.q */ = {isa = PBXFileReference; fileEncoding = 4; lastKnownFileType = text; name = lp.transport.q; path = R/lp.transport.q; sourceTree = SOURCE_ROOT; };
		0EF13F9B0D5CAA3B00F77D3C /* print.lp.q */ = {isa = PBXFileReference; fileEncoding = 4; lastKnownFileType = text; name = print.lp.q; path = R/print.lp.q; sourceTree = SOURCE_ROOT; };
/* End PBXFileReference section */

/* Begin PBXGroup section */
		0E16C0080D64831600EE878E /* tests */ = {
			isa = PBXGroup;
			children = (
				0E16C0090D64831600EE878E /* test.q */,
				0E16C02A0D6488A100EE878E /* testmodel.lp */,
				0E16C0290D6487C700EE878E /* testmodel.mps */,
			);
			path = tests;
			sourceTree = SOURCE_ROOT;
		};
		0E219F030D576D93003CEC7F /* lp_solve */ = {
			isa = PBXGroup;
			children = (
				0EF13EF20D5C918A00F77D3C /* colamd.c */,
				0EF13EF30D5C918A00F77D3C /* colamd.h */,
				0EF13EF40D5C918A00F77D3C /* commonlib.c */,
				0EF13EF50D5C918A00F77D3C /* commonlib.h */,
				0EF13EF60D5C918A00F77D3C /* fortify.c */,
				0EF13EF70D5C918A00F77D3C /* fortify.h */,
				0EF13EF80D5C918A00F77D3C /* ini.c */,
				0EF13EF90D5C918A00F77D3C /* ini.h */,
				0EF13EFA0D5C918A00F77D3C /* lp_BFP.h */,
				0EF13EFB0D5C918A00F77D3C /* lp_BFP1.CFILE */,
				0EF13EFC0D5C918A00F77D3C /* lp_BFP2.CFILE */,
				0EF13EFD0D5C918A00F77D3C /* lp_crash.c */,
				0EF13EFE0D5C918A00F77D3C /* lp_crash.h */,
				0EF13EFF0D5C918A00F77D3C /* lp_Hash.c */,
				0EF13F000D5C918A00F77D3C /* lp_Hash.h */,
				0EF13F010D5C918A00F77D3C /* lp_lib.c */,
				0EF13F020D5C918A00F77D3C /* lp_lib.h */,
				0EF13F030D5C918A00F77D3C /* lp_LUSOL.c */,
				0EF13F040D5C918A00F77D3C /* lp_LUSOL.h */,
				0EF13F050D5C918A00F77D3C /* lp_matrix.c */,
				0EF13F060D5C918A00F77D3C /* lp_matrix.h */,
				0EF13F070D5C918A00F77D3C /* lp_MDO.c */,
				0EF13F080D5C918A00F77D3C /* lp_MDO.h */,
				0EF13F090D5C918A00F77D3C /* lp_mipbb.c */,
				0EF13F0A0D5C918A00F77D3C /* lp_mipbb.h */,
				0EF13F0B0D5C918A00F77D3C /* lp_MPS.c */,
				0EF13F0C0D5C918A00F77D3C /* lp_MPS.h */,
				0EF13F0D0D5C918A00F77D3C /* lp_params.c */,
				0EF13F0E0D5C918A00F77D3C /* lp_presolve.c */,
				0EF13F0F0D5C918A00F77D3C /* lp_presolve.h */,
				0EF13F100D5C918A00F77D3C /* lp_price.c */,
				0EF13F110D5C918A00F77D3C /* lp_price.h */,
				0EF13F120D5C918A00F77D3C /* lp_pricePSE.c */,
				0EF13F130D5C918A00F77D3C /* lp_pricePSE.h */,
				0EF13F140D5C918A00F77D3C /* lp_report.c */,
				0EF13F150D5C918A00F77D3C /* lp_report.h */,
				0EF13F160D5C918A00F77D3C /* lp_rlp.c */,
				0EF13F170D5C918A00F77D3C /* lp_rlp.h */,
				0EF13F180D5C918A00F77D3C /* lp_scale.c */,
				0EF13F190D5C918A00F77D3C /* lp_scale.h */,
				0EF13F1A0D5C918A00F77D3C /* lp_simplex.c */,
				0EF13F1B0D5C918A00F77D3C /* lp_simplex.h */,
				0EF13F1C0D5C918A00F77D3C /* lp_SOS.c */,
				0EF13F1D0D5C918A00F77D3C /* lp_SOS.h */,
				0EF13F1E0D5C918A00F77D3C /* lp_types.h */,
				0EF13F1F0D5C918A00F77D3C /* lp_utils.c */,
				0EF13F200D5C918A00F77D3C /* lp_utils.h */,
				0EF13F210D5C918A00F77D3C /* lp_wlp.c */,
				0EF13F220D5C918A00F77D3C /* lp_wlp.h */,
				0EF13F230D5C918A00F77D3C /* lpkit.h */,
				0EF13F240D5C918A00F77D3C /* lusol.c */,
				0EF13F250D5C918A00F77D3C /* lusol.h */,
				0EF13F260D5C918A00F77D3C /* lusol1.CFILE */,
				0EF13F270D5C918A00F77D3C /* lusol2.CFILE */,
				0EF13F280D5C918A00F77D3C /* lusol6a.CFILE */,
				0EF13F290D5C918A00F77D3C /* lusol6l0.CFILE */,
				0EF13F2A0D5C918A00F77D3C /* lusol6u.CFILE */,
				0EF13F2B0D5C918A00F77D3C /* lusol7a.CFILE */,
				0EF13F2C0D5C918A00F77D3C /* lusol8a.CFILE */,
				0EF13F2E0D5C918A00F77D3C /* mmio.c */,
				0EF13F2F0D5C918A00F77D3C /* mmio.h */,
				0EF13F300D5C918A00F77D3C /* myblas.c */,
				0EF13F310D5C918A00F77D3C /* myblas.h */,
				0EF13F320D5C918A00F77D3C /* yacc_read.c */,
				0EF13F330D5C918A00F77D3C /* yacc_read.h */,
			);
			name = lp_solve;
			sourceTree = "<group>";
		};
		0E3F54630D536C6800617C9D = {
			isa = PBXGroup;
			children = (
				0E219E3B0D572A7C003CEC7F /* DESCRIPTION */,
				0EABBD6A0D59CD4500CF7B0C /* R */,
				0EABBD6B0D59CD5000CF7B0C /* man */,
				0E3F54710D536C9400617C9D /* src */,
				0E16C0080D64831600EE878E /* tests */,
			);
			sourceTree = "<group>";
		};
		0E3F54710D536C9400617C9D /* src */ = {
			isa = PBXGroup;
			children = (
				0EF13F2D0D5C918A00F77D3C /* Makevars */,
				0E3F54B60D536CB300617C9D /* Makevars.win */,
				0EC5CD3A0D60584D00958B10 /* lpslink55.c */,
				0EF13F5A0D5C9F9100F77D3C /* lpSolve.c */,
				0E3F54C50D536DB400617C9D /* RlpSolve.c */,
				0E3F54C60D536DB400617C9D /* RlpSolve.h */,
				0E3F54C70D536DB400617C9D /* RlpSolveLink.c */,
				0E3F54C80D536DB400617C9D /* RlpSolveLink.h */,
				0E219F030D576D93003CEC7F /* lp_solve */,
			);
			name = src;
			sourceTree = "<group>";
		};
		0EABBD6A0D59CD4500CF7B0C /* R */ = {
			isa = PBXGroup;
			children = (
				0EF13F980D5CAA3B00F77D3C /* lp.assign.q */,
				0EF13F990D5CAA3B00F77D3C /* lp.q */,
				0EF13F9A0D5CAA3B00F77D3C /* lp.transport.q */,
				0EF13F9B0D5CAA3B00F77D3C /* print.lp.q */,
				0EF13F5B0D5C9FA600F77D3C /* lpSolve.q */,
				0E16C0490D648A6B00EE878E /* library.q */,
				0EF13F550D5C9EDD00F77D3C /* R API */,
			);
			path = R;
			sourceTree = SOURCE_ROOT;
		};
		0EABBD6B0D59CD5000CF7B0C /* man */ = {
			isa = PBXGroup;
			children = (
				0EF13F730D5CA9D100F77D3C /* lp.assign.Rd */,
				0EF13F750D5CA9D100F77D3C /* lp.Rd */,
				0EF13F740D5CA9D100F77D3C /* lp.object.Rd */,
				0EF13F760D5CA9D100F77D3C /* lp.transport.Rd */,
				0EF13F770D5CA9D100F77D3C /* print.lp.Rd */,
				0EC5CD3D0D6073BA00958B10 /* lpSolve.Rd */,
				0EF13F780D5CA9DA00F77D3C /* R API */,
			);
			path = man;
			sourceTree = "<group>";
		};
		0EF13F550D5C9EDD00F77D3C /* R API */ = {
			isa = PBXGroup;
			children = (
				0EABBD990D59FD8000CF7B0C /* add.column.q */,
				0EABBD7A0D59E82A00CF7B0C /* add.constraint.q */,
				0EABBD7B0D59E82A00CF7B0C /* delete.columns.q */,
				0EABBD7C0D59E82A00CF7B0C /* delete.constraints.q */,
				0EABBD9A0D5A104700CF7B0C /* dim.lp.q */,
				0E95A8740D65AC25004E889A /* dimnames.lp.q */,
				0EABBD7F0D59E82A00CF7B0C /* get.bounds.q */,
				0EABBD970D59E8A100CF7B0C /* get.column.q */,
				0EABBD7D0D59E82A00CF7B0C /* get.constr.types.q */,
				0EABBD800D59E82A00CF7B0C /* get.mat.q */,
				0EA6F46C0D631EE200496510 /* get.presolveloops.q */,
				0EABBD810D59E82A00CF7B0C /* get.rhs.q */,
				0ED0C4400D5B65700013E074 /* get.types.q */,
				0E9AA01B0D622B8400426ADF /* lp.control.q */,
				0EABBD6D0D59CD6C00CF7B0C /* make.lp.q */,
				0EABBD890D59E82A00CF7B0C /* print.lpExtPtr.q */,
				0E16C06C0D64906900EE878E /* read.lp.q */,
				0EABBD8A0D59E82A00CF7B0C /* resize.lp.q */,
				0EABBD8C0D59E82A00CF7B0C /* set.bounds.q */,
				0EABBD980D59E8A100CF7B0C /* set.column.q */,
				0EABBD8D0D59E82A00CF7B0C /* set.constr.types.q */,
				0EABBD910D59E82A00CF7B0C /* set.mat.q */,
				0EABBD920D59E82A00CF7B0C /* set.objfn.q */,
				0EABBD930D59E82A00CF7B0C /* set.rhs.q */,
				0E8B36220D5B9335000DEDC9 /* set.row.q */,
				0ED0C43F0D5B59950013E074 /* set.type.q */,
				0E16C06D0D64907F00EE878E /* write.lp.q */,
			);
			name = "R API";
			sourceTree = "<group>";
		};
		0EF13F780D5CA9DA00F77D3C /* R API */ = {
			isa = PBXGroup;
			children = (
				0EABBD790D59D0A600CF7B0C /* make.lp.Rd */,
			);
			name = "R API";
			sourceTree = "<group>";
		};
/* End PBXGroup section */

/* Begin PBXProject section */
		0E3F54650D536C6800617C9D /* Project object */ = {
			isa = PBXProject;
			buildConfigurationList = 0E3F54680D536C6800617C9D /* Build configuration list for PBXProject "lpSolve" */;
			compatibilityVersion = "Xcode 2.4";
			hasScannedForEncodings = 0;
			mainGroup = 0E3F54630D536C6800617C9D;
			projectDirPath = "";
			projectRoot = "";
			targets = (
			);
		};
/* End PBXProject section */

/* Begin XCBuildConfiguration section */
		0E3F54660D536C6800617C9D /* Debug */ = {
			isa = XCBuildConfiguration;
			buildSettings = {
				COPY_PHASE_STRIP = NO;
			};
			name = Debug;
		};
		0E3F54670D536C6800617C9D /* Release */ = {
			isa = XCBuildConfiguration;
			buildSettings = {
				COPY_PHASE_STRIP = YES;
			};
			name = Release;
		};
/* End XCBuildConfiguration section */

/* Begin XCConfigurationList section */
		0E3F54680D536C6800617C9D /* Build configuration list for PBXProject "lpSolve" */ = {
			isa = XCConfigurationList;
			buildConfigurations = (
				0E3F54660D536C6800617C9D /* Debug */,
				0E3F54670D536C6800617C9D /* Release */,
			);
			defaultConfigurationIsVisible = 0;
			defaultConfigurationName = Release;
		};
/* End XCConfigurationList section */
	};
	rootObject = 0E3F54650D536C6800617C9D /* Project object */;
}
